// !$*UTF8*$!
{
	archiveVersion = 1;
	classes = {
	};
	objectVersion = 46;
	objects = {

/* Begin PBXBuildFile section */
		355D53A123F3AF7600AA8BD4 /* EventEmitter.swift in Sources */ = {isa = PBXBuildFile; fileRef = 351B326D23F28373002D20BF /* EventEmitter.swift */; };
		355D53A223F3AF7700AA8BD4 /* RNLEventEmitter.swift in Sources */ = {isa = PBXBuildFile; fileRef = 351B326C23F28373002D20BF /* RNLEventEmitter.swift */; };
		355D53A323F3AF7900AA8BD4 /* RNLEventEmitter.m in Sources */ = {isa = PBXBuildFile; fileRef = 351B326B23F28373002D20BF /* RNLEventEmitter.m */; };
		356363E723F10B5E00889783 /* RNSwiper.swift in Sources */ = {isa = PBXBuildFile; fileRef = 356363E623F10B5E00889783 /* RNSwiper.swift */; };
		356363EE23F10DE200889783 /* RNLGridViewManager.m in Sources */ = {isa = PBXBuildFile; fileRef = 356363ED23F10DDA00889783 /* RNLGridViewManager.m */; };
		356363EF23F10DF100889783 /* RNSwiper-Bridging-Header.h in Sources */ = {isa = PBXBuildFile; fileRef = 356363EC23F10DCA00889783 /* RNSwiper-Bridging-Header.h */; };
		356363F423F10E0C00889783 /* GridViewSnappingLayout.swift in Sources */ = {isa = PBXBuildFile; fileRef = 356363F023F10E0B00889783 /* GridViewSnappingLayout.swift */; };
		356363F523F10E0C00889783 /* GridViewController.swift in Sources */ = {isa = PBXBuildFile; fileRef = 356363F123F10E0B00889783 /* GridViewController.swift */; };
		356363F623F10E0C00889783 /* GridView.swift in Sources */ = {isa = PBXBuildFile; fileRef = 356363F223F10E0B00889783 /* GridView.swift */; };
		356363F723F10E0C00889783 /* GridViewSectionLoadingDelegate.swift in Sources */ = {isa = PBXBuildFile; fileRef = 356363F323F10E0C00889783 /* GridViewSectionLoadingDelegate.swift */; };
		35A3750623F1291500F9A655 /* ColumnCell.swift in Sources */ = {isa = PBXBuildFile; fileRef = 35A3750523F1291500F9A655 /* ColumnCell.swift */; };
		35A3751823F12A1300F9A655 /* CellReusable.swift in Sources */ = {isa = PBXBuildFile; fileRef = 35A3751723F12A1300F9A655 /* CellReusable.swift */; };
		35A3752023F12A2F00F9A655 /* Section.swift in Sources */ = {isa = PBXBuildFile; fileRef = 35A3751A23F12A2E00F9A655 /* Section.swift */; };
		35A3752123F12A2F00F9A655 /* GridSectionController.swift in Sources */ = {isa = PBXBuildFile; fileRef = 35A3751C23F12A2F00F9A655 /* GridSectionController.swift */; };
		35A3752223F12A2F00F9A655 /* GridViewModel.swift in Sources */ = {isa = PBXBuildFile; fileRef = 35A3751E23F12A2F00F9A655 /* GridViewModel.swift */; };
		35A3752323F12A2F00F9A655 /* ColumnViewModel.swift in Sources */ = {isa = PBXBuildFile; fileRef = 35A3751F23F12A2F00F9A655 /* ColumnViewModel.swift */; };
/* End PBXBuildFile section */

/* Begin PBXContainerItemProxy section */
		00C302AB1ABCB8CE00DB3ED1 /* PBXContainerItemProxy */ = {
			isa = PBXContainerItemProxy;
			containerPortal = 00C302A71ABCB8CE00DB3ED1 /* RCTActionSheet.xcodeproj */;
			proxyType = 2;
			remoteGlobalIDString = 134814201AA4EA6300B7C361;
			remoteInfo = RCTActionSheet;
		};
		00C302B91ABCB90400DB3ED1 /* PBXContainerItemProxy */ = {
			isa = PBXContainerItemProxy;
			containerPortal = 00C302B51ABCB90400DB3ED1 /* RCTGeolocation.xcodeproj */;
			proxyType = 2;
			remoteGlobalIDString = 134814201AA4EA6300B7C361;
			remoteInfo = RCTGeolocation;
		};
		00C302BF1ABCB91800DB3ED1 /* PBXContainerItemProxy */ = {
			isa = PBXContainerItemProxy;
			containerPortal = 00C302BB1ABCB91800DB3ED1 /* RCTImage.xcodeproj */;
			proxyType = 2;
			remoteGlobalIDString = 58B5115D1A9E6B3D00147676;
			remoteInfo = RCTImage;
		};
		00C302DB1ABCB9D200DB3ED1 /* PBXContainerItemProxy */ = {
			isa = PBXContainerItemProxy;
			containerPortal = 00C302D31ABCB9D200DB3ED1 /* RCTNetwork.xcodeproj */;
			proxyType = 2;
			remoteGlobalIDString = 58B511DB1A9E6C8500147676;
			remoteInfo = RCTNetwork;
		};
		00C302E31ABCB9EE00DB3ED1 /* PBXContainerItemProxy */ = {
			isa = PBXContainerItemProxy;
			containerPortal = 00C302DF1ABCB9EE00DB3ED1 /* RCTVibration.xcodeproj */;
			proxyType = 2;
			remoteGlobalIDString = 832C81801AAF6DEF007FA2F7;
			remoteInfo = RCTVibration;
		};
		139105C01AF99BAD00B5F7CC /* PBXContainerItemProxy */ = {
			isa = PBXContainerItemProxy;
			containerPortal = 139105B61AF99BAD00B5F7CC /* RCTSettings.xcodeproj */;
			proxyType = 2;
			remoteGlobalIDString = 134814201AA4EA6300B7C361;
			remoteInfo = RCTSettings;
		};
		139FDEF31B06529B00C62182 /* PBXContainerItemProxy */ = {
			isa = PBXContainerItemProxy;
			containerPortal = 139FDEE61B06529A00C62182 /* RCTWebSocket.xcodeproj */;
			proxyType = 2;
			remoteGlobalIDString = 3C86DF461ADF2C930047B81A;
			remoteInfo = RCTWebSocket;
		};
		146834031AC3E56700842450 /* PBXContainerItemProxy */ = {
			isa = PBXContainerItemProxy;
			containerPortal = 146833FF1AC3E56700842450 /* React.xcodeproj */;
			proxyType = 2;
			remoteGlobalIDString = 83CBBA2E1A601D0E00E9B192;
			remoteInfo = React;
		};
		2D16E6711FA4F8DC00B85C8A /* PBXContainerItemProxy */ = {
			isa = PBXContainerItemProxy;
			containerPortal = ADBDB91F1DFEBF0600ED6528 /* RCTBlob.xcodeproj */;
			proxyType = 2;
			remoteGlobalIDString = ADD01A681E09402E00F6D226;
			remoteInfo = "RCTBlob-tvOS";
		};
		2D16E6831FA4F8DC00B85C8A /* PBXContainerItemProxy */ = {
			isa = PBXContainerItemProxy;
			containerPortal = 139FDEE61B06529A00C62182 /* RCTWebSocket.xcodeproj */;
			proxyType = 2;
			remoteGlobalIDString = 3DBE0D001F3B181A0099AA32;
			remoteInfo = fishhook;
		};
		2D16E6851FA4F8DC00B85C8A /* PBXContainerItemProxy */ = {
			isa = PBXContainerItemProxy;
			containerPortal = 139FDEE61B06529A00C62182 /* RCTWebSocket.xcodeproj */;
			proxyType = 2;
			remoteGlobalIDString = 3DBE0D0D1F3B181C0099AA32;
			remoteInfo = "fishhook-tvOS";
		};
		2DF0FFDE2056DD460020B375 /* PBXContainerItemProxy */ = {
			isa = PBXContainerItemProxy;
			containerPortal = 146833FF1AC3E56700842450 /* React.xcodeproj */;
			proxyType = 2;
			remoteGlobalIDString = EBF21BDC1FC498900052F4D5;
			remoteInfo = jsinspector;
		};
		2DF0FFE02056DD460020B375 /* PBXContainerItemProxy */ = {
			isa = PBXContainerItemProxy;
			containerPortal = 146833FF1AC3E56700842450 /* React.xcodeproj */;
			proxyType = 2;
			remoteGlobalIDString = EBF21BFA1FC4989A0052F4D5;
			remoteInfo = "jsinspector-tvOS";
		};
		2DF0FFE22056DD460020B375 /* PBXContainerItemProxy */ = {
			isa = PBXContainerItemProxy;
			containerPortal = 146833FF1AC3E56700842450 /* React.xcodeproj */;
			proxyType = 2;
			remoteGlobalIDString = 139D7ECE1E25DB7D00323FB7;
			remoteInfo = "third-party";
		};
		2DF0FFE42056DD460020B375 /* PBXContainerItemProxy */ = {
			isa = PBXContainerItemProxy;
			containerPortal = 146833FF1AC3E56700842450 /* React.xcodeproj */;
			proxyType = 2;
			remoteGlobalIDString = 3D383D3C1EBD27B6005632C8;
			remoteInfo = "third-party-tvOS";
		};
		2DF0FFE62056DD460020B375 /* PBXContainerItemProxy */ = {
			isa = PBXContainerItemProxy;
			containerPortal = 146833FF1AC3E56700842450 /* React.xcodeproj */;
			proxyType = 2;
			remoteGlobalIDString = 139D7E881E25C6D100323FB7;
			remoteInfo = "double-conversion";
		};
		2DF0FFE82056DD460020B375 /* PBXContainerItemProxy */ = {
			isa = PBXContainerItemProxy;
			containerPortal = 146833FF1AC3E56700842450 /* React.xcodeproj */;
			proxyType = 2;
			remoteGlobalIDString = 3D383D621EBD27B9005632C8;
			remoteInfo = "double-conversion-tvOS";
		};
		2DF0FFEA2056DD460020B375 /* PBXContainerItemProxy */ = {
			isa = PBXContainerItemProxy;
			containerPortal = 146833FF1AC3E56700842450 /* React.xcodeproj */;
			proxyType = 2;
			remoteGlobalIDString = 9936F3131F5F2E4B0010BF04;
			remoteInfo = privatedata;
		};
		2DF0FFEC2056DD460020B375 /* PBXContainerItemProxy */ = {
			isa = PBXContainerItemProxy;
			containerPortal = 146833FF1AC3E56700842450 /* React.xcodeproj */;
			proxyType = 2;
			remoteGlobalIDString = 9936F32F1F5F2E5B0010BF04;
			remoteInfo = "privatedata-tvOS";
		};
		35667CBD23F573DF001A5990 /* PBXContainerItemProxy */ = {
			isa = PBXContainerItemProxy;
			containerPortal = 146833FF1AC3E56700842450 /* React.xcodeproj */;
			proxyType = 1;
			remoteGlobalIDString = 83CBBA2D1A601D0E00E9B192;
			remoteInfo = React;
		};
		3DAD3E831DF850E9000B6D8A /* PBXContainerItemProxy */ = {
			isa = PBXContainerItemProxy;
			containerPortal = 00C302BB1ABCB91800DB3ED1 /* RCTImage.xcodeproj */;
			proxyType = 2;
			remoteGlobalIDString = 2D2A283A1D9B042B00D4039D;
			remoteInfo = "RCTImage-tvOS";
		};
		3DAD3E871DF850E9000B6D8A /* PBXContainerItemProxy */ = {
			isa = PBXContainerItemProxy;
			containerPortal = 78C398B01ACF4ADC00677621 /* RCTLinking.xcodeproj */;
			proxyType = 2;
			remoteGlobalIDString = 2D2A28471D9B043800D4039D;
			remoteInfo = "RCTLinking-tvOS";
		};
		3DAD3E8B1DF850E9000B6D8A /* PBXContainerItemProxy */ = {
			isa = PBXContainerItemProxy;
			containerPortal = 00C302D31ABCB9D200DB3ED1 /* RCTNetwork.xcodeproj */;
			proxyType = 2;
			remoteGlobalIDString = 2D2A28541D9B044C00D4039D;
			remoteInfo = "RCTNetwork-tvOS";
		};
		3DAD3E8F1DF850E9000B6D8A /* PBXContainerItemProxy */ = {
			isa = PBXContainerItemProxy;
			containerPortal = 139105B61AF99BAD00B5F7CC /* RCTSettings.xcodeproj */;
			proxyType = 2;
			remoteGlobalIDString = 2D2A28611D9B046600D4039D;
			remoteInfo = "RCTSettings-tvOS";
		};
		3DAD3E931DF850E9000B6D8A /* PBXContainerItemProxy */ = {
			isa = PBXContainerItemProxy;
			containerPortal = 832341B01AAA6A8300B99B32 /* RCTText.xcodeproj */;
			proxyType = 2;
			remoteGlobalIDString = 2D2A287B1D9B048500D4039D;
			remoteInfo = "RCTText-tvOS";
		};
		3DAD3E981DF850E9000B6D8A /* PBXContainerItemProxy */ = {
			isa = PBXContainerItemProxy;
			containerPortal = 139FDEE61B06529A00C62182 /* RCTWebSocket.xcodeproj */;
			proxyType = 2;
			remoteGlobalIDString = 2D2A28881D9B049200D4039D;
			remoteInfo = "RCTWebSocket-tvOS";
		};
		3DAD3EA21DF850E9000B6D8A /* PBXContainerItemProxy */ = {
			isa = PBXContainerItemProxy;
			containerPortal = 146833FF1AC3E56700842450 /* React.xcodeproj */;
			proxyType = 2;
			remoteGlobalIDString = 2D2A28131D9B038B00D4039D;
			remoteInfo = "React-tvOS";
		};
		3DAD3EA41DF850E9000B6D8A /* PBXContainerItemProxy */ = {
			isa = PBXContainerItemProxy;
			containerPortal = 146833FF1AC3E56700842450 /* React.xcodeproj */;
			proxyType = 2;
			remoteGlobalIDString = 3D3C059A1DE3340900C268FA;
			remoteInfo = yoga;
		};
		3DAD3EA61DF850E9000B6D8A /* PBXContainerItemProxy */ = {
			isa = PBXContainerItemProxy;
			containerPortal = 146833FF1AC3E56700842450 /* React.xcodeproj */;
			proxyType = 2;
			remoteGlobalIDString = 3D3C06751DE3340C00C268FA;
			remoteInfo = "yoga-tvOS";
		};
		3DAD3EA81DF850E9000B6D8A /* PBXContainerItemProxy */ = {
			isa = PBXContainerItemProxy;
			containerPortal = 146833FF1AC3E56700842450 /* React.xcodeproj */;
			proxyType = 2;
			remoteGlobalIDString = 3D3CD9251DE5FBEC00167DC4;
			remoteInfo = cxxreact;
		};
		3DAD3EAA1DF850E9000B6D8A /* PBXContainerItemProxy */ = {
			isa = PBXContainerItemProxy;
			containerPortal = 146833FF1AC3E56700842450 /* React.xcodeproj */;
			proxyType = 2;
			remoteGlobalIDString = 3D3CD9321DE5FBEE00167DC4;
			remoteInfo = "cxxreact-tvOS";
		};
		3DAD3EAC1DF850E9000B6D8A /* PBXContainerItemProxy */ = {
			isa = PBXContainerItemProxy;
			containerPortal = 146833FF1AC3E56700842450 /* React.xcodeproj */;
			proxyType = 2;
			remoteGlobalIDString = 3D3CD90B1DE5FBD600167DC4;
			remoteInfo = jschelpers;
		};
		3DAD3EAE1DF850E9000B6D8A /* PBXContainerItemProxy */ = {
			isa = PBXContainerItemProxy;
			containerPortal = 146833FF1AC3E56700842450 /* React.xcodeproj */;
			proxyType = 2;
			remoteGlobalIDString = 3D3CD9181DE5FBD800167DC4;
			remoteInfo = "jschelpers-tvOS";
		};
		5E9157321DD0AC6500FF2AA8 /* PBXContainerItemProxy */ = {
			isa = PBXContainerItemProxy;
			containerPortal = 5E91572D1DD0AC6500FF2AA8 /* RCTAnimation.xcodeproj */;
			proxyType = 2;
			remoteGlobalIDString = 134814201AA4EA6300B7C361;
			remoteInfo = RCTAnimation;
		};
		5E9157341DD0AC6500FF2AA8 /* PBXContainerItemProxy */ = {
			isa = PBXContainerItemProxy;
			containerPortal = 5E91572D1DD0AC6500FF2AA8 /* RCTAnimation.xcodeproj */;
			proxyType = 2;
			remoteGlobalIDString = 2D2A28201D9B03D100D4039D;
			remoteInfo = "RCTAnimation-tvOS";
		};
		78C398B81ACF4ADC00677621 /* PBXContainerItemProxy */ = {
			isa = PBXContainerItemProxy;
			containerPortal = 78C398B01ACF4ADC00677621 /* RCTLinking.xcodeproj */;
			proxyType = 2;
			remoteGlobalIDString = 134814201AA4EA6300B7C361;
			remoteInfo = RCTLinking;
		};
		832341B41AAA6A8300B99B32 /* PBXContainerItemProxy */ = {
			isa = PBXContainerItemProxy;
			containerPortal = 832341B01AAA6A8300B99B32 /* RCTText.xcodeproj */;
			proxyType = 2;
			remoteGlobalIDString = 58B5119B1A9E6C1200147676;
			remoteInfo = RCTText;
		};
		ADBDB9261DFEBF0700ED6528 /* PBXContainerItemProxy */ = {
			isa = PBXContainerItemProxy;
			containerPortal = ADBDB91F1DFEBF0600ED6528 /* RCTBlob.xcodeproj */;
			proxyType = 2;
			remoteGlobalIDString = 358F4ED71D1E81A9004DF814;
			remoteInfo = RCTBlob;
		};
/* End PBXContainerItemProxy section */

/* Begin PBXCopyFilesBuildPhase section */
		356363E223F10B5E00889783 /* Copy Files */ = {
			isa = PBXCopyFilesBuildPhase;
			buildActionMask = 2147483647;
			dstPath = "include/$(PRODUCT_NAME)";
			dstSubfolderSpec = 16;
			files = (
			);
			name = "Copy Files";
			runOnlyForDeploymentPostprocessing = 0;
		};
/* End PBXCopyFilesBuildPhase section */

/* Begin PBXFileReference section */
		008F07F21AC5B25A0029DE68 /* main.jsbundle */ = {isa = PBXFileReference; fileEncoding = 4; lastKnownFileType = text; path = main.jsbundle; sourceTree = "<group>"; };
		00C302A71ABCB8CE00DB3ED1 /* RCTActionSheet.xcodeproj */ = {isa = PBXFileReference; lastKnownFileType = "wrapper.pb-project"; name = RCTActionSheet.xcodeproj; path = "../node_modules/react-native/Libraries/ActionSheetIOS/RCTActionSheet.xcodeproj"; sourceTree = "<group>"; };
		00C302B51ABCB90400DB3ED1 /* RCTGeolocation.xcodeproj */ = {isa = PBXFileReference; lastKnownFileType = "wrapper.pb-project"; name = RCTGeolocation.xcodeproj; path = "../node_modules/react-native/Libraries/Geolocation/RCTGeolocation.xcodeproj"; sourceTree = "<group>"; };
		00C302BB1ABCB91800DB3ED1 /* RCTImage.xcodeproj */ = {isa = PBXFileReference; lastKnownFileType = "wrapper.pb-project"; name = RCTImage.xcodeproj; path = "../node_modules/react-native/Libraries/Image/RCTImage.xcodeproj"; sourceTree = "<group>"; };
		00C302D31ABCB9D200DB3ED1 /* RCTNetwork.xcodeproj */ = {isa = PBXFileReference; lastKnownFileType = "wrapper.pb-project"; name = RCTNetwork.xcodeproj; path = "../node_modules/react-native/Libraries/Network/RCTNetwork.xcodeproj"; sourceTree = "<group>"; };
		00C302DF1ABCB9EE00DB3ED1 /* RCTVibration.xcodeproj */ = {isa = PBXFileReference; lastKnownFileType = "wrapper.pb-project"; name = RCTVibration.xcodeproj; path = "../node_modules/react-native/Libraries/Vibration/RCTVibration.xcodeproj"; sourceTree = "<group>"; };
		00E356F11AD99517003FC87E /* Info.plist */ = {isa = PBXFileReference; lastKnownFileType = text.plist.xml; path = Info.plist; sourceTree = "<group>"; };
		00E356F21AD99517003FC87E /* RNListKitTests.m */ = {isa = PBXFileReference; lastKnownFileType = sourcecode.c.objc; path = RNListKitTests.m; sourceTree = "<group>"; };
		139105B61AF99BAD00B5F7CC /* RCTSettings.xcodeproj */ = {isa = PBXFileReference; lastKnownFileType = "wrapper.pb-project"; name = RCTSettings.xcodeproj; path = "../node_modules/react-native/Libraries/Settings/RCTSettings.xcodeproj"; sourceTree = "<group>"; };
		139FDEE61B06529A00C62182 /* RCTWebSocket.xcodeproj */ = {isa = PBXFileReference; lastKnownFileType = "wrapper.pb-project"; name = RCTWebSocket.xcodeproj; path = "../node_modules/react-native/Libraries/WebSocket/RCTWebSocket.xcodeproj"; sourceTree = "<group>"; };
		13B07FAF1A68108700A75B9A /* AppDelegate.h */ = {isa = PBXFileReference; fileEncoding = 4; lastKnownFileType = sourcecode.c.h; name = AppDelegate.h; path = RNListKit/AppDelegate.h; sourceTree = "<group>"; };
		13B07FB01A68108700A75B9A /* AppDelegate.m */ = {isa = PBXFileReference; fileEncoding = 4; lastKnownFileType = sourcecode.c.objc; name = AppDelegate.m; path = RNListKit/AppDelegate.m; sourceTree = "<group>"; };
		13B07FB21A68108700A75B9A /* Base */ = {isa = PBXFileReference; lastKnownFileType = file.xib; name = Base; path = Base.lproj/LaunchScreen.xib; sourceTree = "<group>"; };
		13B07FB51A68108700A75B9A /* Images.xcassets */ = {isa = PBXFileReference; lastKnownFileType = folder.assetcatalog; name = Images.xcassets; path = RNListKit/Images.xcassets; sourceTree = "<group>"; };
		13B07FB61A68108700A75B9A /* Info.plist */ = {isa = PBXFileReference; fileEncoding = 4; lastKnownFileType = text.plist.xml; name = Info.plist; path = RNListKit/Info.plist; sourceTree = "<group>"; };
		13B07FB71A68108700A75B9A /* main.m */ = {isa = PBXFileReference; fileEncoding = 4; lastKnownFileType = sourcecode.c.objc; name = main.m; path = RNListKit/main.m; sourceTree = "<group>"; };
		146833FF1AC3E56700842450 /* React.xcodeproj */ = {isa = PBXFileReference; lastKnownFileType = "wrapper.pb-project"; name = React.xcodeproj; path = "../node_modules/react-native/React/React.xcodeproj"; sourceTree = "<group>"; };
		2D16E6891FA4F8E400B85C8A /* libReact.a */ = {isa = PBXFileReference; explicitFileType = archive.ar; path = libReact.a; sourceTree = BUILT_PRODUCTS_DIR; };
		351B326B23F28373002D20BF /* RNLEventEmitter.m */ = {isa = PBXFileReference; lastKnownFileType = sourcecode.c.objc; path = RNLEventEmitter.m; sourceTree = "<group>"; };
		351B326C23F28373002D20BF /* RNLEventEmitter.swift */ = {isa = PBXFileReference; lastKnownFileType = sourcecode.swift; path = RNLEventEmitter.swift; sourceTree = "<group>"; };
		351B326D23F28373002D20BF /* EventEmitter.swift */ = {isa = PBXFileReference; lastKnownFileType = sourcecode.swift; path = EventEmitter.swift; sourceTree = "<group>"; };
		3530717E23F271DE0006E87B /* libIGListKit.a */ = {isa = PBXFileReference; explicitFileType = archive.ar; path = libIGListKit.a; sourceTree = BUILT_PRODUCTS_DIR; };
		3530718023F271F70006E87B /* libSDWebImage.a */ = {isa = PBXFileReference; explicitFileType = archive.ar; path = libSDWebImage.a; sourceTree = BUILT_PRODUCTS_DIR; };
		355D52C923F2D66100AA8BD4 /* LICENSE.md */ = {isa = PBXFileReference; lastKnownFileType = net.daringfireball.markdown; path = LICENSE.md; sourceTree = "<group>"; };
		355D52CB23F2D66100AA8BD4 /* IGListSectionController.m */ = {isa = PBXFileReference; lastKnownFileType = sourcecode.c.objc; path = IGListSectionController.m; sourceTree = "<group>"; };
		355D52CC23F2D66100AA8BD4 /* IGListAdapterUpdater.h */ = {isa = PBXFileReference; lastKnownFileType = sourcecode.c.h; path = IGListAdapterUpdater.h; sourceTree = "<group>"; };
		355D52CD23F2D66100AA8BD4 /* IGListStackedSectionController.h */ = {isa = PBXFileReference; lastKnownFileType = sourcecode.c.h; path = IGListStackedSectionController.h; sourceTree = "<group>"; };
		355D52CE23F2D66100AA8BD4 /* IGListCollectionViewLayout.h */ = {isa = PBXFileReference; lastKnownFileType = sourcecode.c.h; path = IGListCollectionViewLayout.h; sourceTree = "<group>"; };
		355D52CF23F2D66100AA8BD4 /* IGListCollectionView.h */ = {isa = PBXFileReference; lastKnownFileType = sourcecode.c.h; path = IGListCollectionView.h; sourceTree = "<group>"; };
		355D52D023F2D66100AA8BD4 /* IGListAdapterDataSource.h */ = {isa = PBXFileReference; lastKnownFileType = sourcecode.c.h; path = IGListAdapterDataSource.h; sourceTree = "<group>"; };
		355D52D123F2D66100AA8BD4 /* IGListKit.h */ = {isa = PBXFileReference; lastKnownFileType = sourcecode.c.h; path = IGListKit.h; sourceTree = "<group>"; };
		355D52D223F2D66100AA8BD4 /* IGListBindable.h */ = {isa = PBXFileReference; lastKnownFileType = sourcecode.c.h; path = IGListBindable.h; sourceTree = "<group>"; };
		355D52D323F2D66100AA8BD4 /* IGListAdapterUpdaterDelegate.h */ = {isa = PBXFileReference; lastKnownFileType = sourcecode.c.h; path = IGListAdapterUpdaterDelegate.h; sourceTree = "<group>"; };
		355D52D423F2D66100AA8BD4 /* IGListReloadDataUpdater.m */ = {isa = PBXFileReference; lastKnownFileType = sourcecode.c.objc; path = IGListReloadDataUpdater.m; sourceTree = "<group>"; };
		355D52D523F2D66100AA8BD4 /* IGListBindingSectionController.h */ = {isa = PBXFileReference; lastKnownFileType = sourcecode.c.h; path = IGListBindingSectionController.h; sourceTree = "<group>"; };
		355D52D623F2D66100AA8BD4 /* IGListBindingSectionControllerSelectionDelegate.h */ = {isa = PBXFileReference; lastKnownFileType = sourcecode.c.h; path = IGListBindingSectionControllerSelectionDelegate.h; sourceTree = "<group>"; };
		355D52D823F2D66100AA8BD4 /* IGListAdapter+DebugDescription.m */ = {isa = PBXFileReference; lastKnownFileType = sourcecode.c.objc; path = "IGListAdapter+DebugDescription.m"; sourceTree = "<group>"; };
		355D52D923F2D66100AA8BD4 /* IGListWorkingRangeHandler.mm */ = {isa = PBXFileReference; lastKnownFileType = sourcecode.cpp.objcpp; path = IGListWorkingRangeHandler.mm; sourceTree = "<group>"; };
		355D52DA23F2D66100AA8BD4 /* IGListDebuggingUtilities.m */ = {isa = PBXFileReference; lastKnownFileType = sourcecode.c.objc; path = IGListDebuggingUtilities.m; sourceTree = "<group>"; };
		355D52DB23F2D66100AA8BD4 /* IGListBatchUpdateData+DebugDescription.h */ = {isa = PBXFileReference; lastKnownFileType = sourcecode.c.h; path = "IGListBatchUpdateData+DebugDescription.h"; sourceTree = "<group>"; };
		355D52DC23F2D66100AA8BD4 /* UIScrollView+IGListKit.m */ = {isa = PBXFileReference; lastKnownFileType = sourcecode.c.objc; path = "UIScrollView+IGListKit.m"; sourceTree = "<group>"; };
		355D52DD23F2D66100AA8BD4 /* IGListBatchUpdates.m */ = {isa = PBXFileReference; lastKnownFileType = sourcecode.c.objc; path = IGListBatchUpdates.m; sourceTree = "<group>"; };
		355D52DE23F2D66100AA8BD4 /* IGListAdapterUpdater+DebugDescription.h */ = {isa = PBXFileReference; lastKnownFileType = sourcecode.c.h; path = "IGListAdapterUpdater+DebugDescription.h"; sourceTree = "<group>"; };
		355D52DF23F2D66100AA8BD4 /* IGListReloadIndexPath.h */ = {isa = PBXFileReference; lastKnownFileType = sourcecode.c.h; path = IGListReloadIndexPath.h; sourceTree = "<group>"; };
		355D52E023F2D66100AA8BD4 /* UICollectionView+IGListBatchUpdateData.m */ = {isa = PBXFileReference; lastKnownFileType = sourcecode.c.objc; path = "UICollectionView+IGListBatchUpdateData.m"; sourceTree = "<group>"; };
		355D52E123F2D66100AA8BD4 /* IGListCollectionViewLayoutInternal.h */ = {isa = PBXFileReference; lastKnownFileType = sourcecode.c.h; path = IGListCollectionViewLayoutInternal.h; sourceTree = "<group>"; };
		355D52E223F2D66100AA8BD4 /* UICollectionView+DebugDescription.m */ = {isa = PBXFileReference; lastKnownFileType = sourcecode.c.objc; path = "UICollectionView+DebugDescription.m"; sourceTree = "<group>"; };
		355D52E323F2D66100AA8BD4 /* IGListBindingSectionController+DebugDescription.m */ = {isa = PBXFileReference; lastKnownFileType = sourcecode.c.objc; path = "IGListBindingSectionController+DebugDescription.m"; sourceTree = "<group>"; };
		355D52E423F2D66100AA8BD4 /* IGListAdapter+UICollectionView.m */ = {isa = PBXFileReference; lastKnownFileType = sourcecode.c.objc; path = "IGListAdapter+UICollectionView.m"; sourceTree = "<group>"; };
		355D52E523F2D66100AA8BD4 /* IGListStackedSectionControllerInternal.h */ = {isa = PBXFileReference; lastKnownFileType = sourcecode.c.h; path = IGListStackedSectionControllerInternal.h; sourceTree = "<group>"; };
		355D52E623F2D66100AA8BD4 /* IGListAdapterUpdaterInternal.h */ = {isa = PBXFileReference; lastKnownFileType = sourcecode.c.h; path = IGListAdapterUpdaterInternal.h; sourceTree = "<group>"; };
		355D52E723F2D66100AA8BD4 /* IGListSectionMap.m */ = {isa = PBXFileReference; lastKnownFileType = sourcecode.c.objc; path = IGListSectionMap.m; sourceTree = "<group>"; };
		355D52E823F2D66100AA8BD4 /* IGListDebugger.h */ = {isa = PBXFileReference; lastKnownFileType = sourcecode.c.h; path = IGListDebugger.h; sourceTree = "<group>"; };
		355D52E923F2D66100AA8BD4 /* UICollectionViewLayout+InteractiveReordering.m */ = {isa = PBXFileReference; lastKnownFileType = sourcecode.c.objc; path = "UICollectionViewLayout+InteractiveReordering.m"; sourceTree = "<group>"; };
		355D52EA23F2D66100AA8BD4 /* IGListWorkingRangeHandler.h */ = {isa = PBXFileReference; lastKnownFileType = sourcecode.c.h; path = IGListWorkingRangeHandler.h; sourceTree = "<group>"; };
		355D52EB23F2D66100AA8BD4 /* IGListAdapterProxy.m */ = {isa = PBXFileReference; lastKnownFileType = sourcecode.c.objc; path = IGListAdapterProxy.m; sourceTree = "<group>"; };
		355D52EC23F2D66100AA8BD4 /* IGListAdapterInternal.h */ = {isa = PBXFileReference; lastKnownFileType = sourcecode.c.h; path = IGListAdapterInternal.h; sourceTree = "<group>"; };
		355D52ED23F2D66100AA8BD4 /* IGListSectionMap+DebugDescription.m */ = {isa = PBXFileReference; lastKnownFileType = sourcecode.c.objc; path = "IGListSectionMap+DebugDescription.m"; sourceTree = "<group>"; };
		355D52EE23F2D66100AA8BD4 /* IGListDisplayHandler.h */ = {isa = PBXFileReference; lastKnownFileType = sourcecode.c.h; path = IGListDisplayHandler.h; sourceTree = "<group>"; };
		355D52EF23F2D66100AA8BD4 /* IGListBatchUpdates.h */ = {isa = PBXFileReference; lastKnownFileType = sourcecode.c.h; path = IGListBatchUpdates.h; sourceTree = "<group>"; };
		355D52F023F2D66100AA8BD4 /* IGListAdapterUpdater+DebugDescription.m */ = {isa = PBXFileReference; lastKnownFileType = sourcecode.c.objc; path = "IGListAdapterUpdater+DebugDescription.m"; sourceTree = "<group>"; };
		355D52F123F2D66100AA8BD4 /* UIScrollView+IGListKit.h */ = {isa = PBXFileReference; lastKnownFileType = sourcecode.c.h; path = "UIScrollView+IGListKit.h"; sourceTree = "<group>"; };
		355D52F223F2D66100AA8BD4 /* IGListBatchUpdateData+DebugDescription.m */ = {isa = PBXFileReference; lastKnownFileType = sourcecode.c.objc; path = "IGListBatchUpdateData+DebugDescription.m"; sourceTree = "<group>"; };
		355D52F323F2D66100AA8BD4 /* IGListDebuggingUtilities.h */ = {isa = PBXFileReference; lastKnownFileType = sourcecode.c.h; path = IGListDebuggingUtilities.h; sourceTree = "<group>"; };
		355D52F423F2D66100AA8BD4 /* IGListAdapter+DebugDescription.h */ = {isa = PBXFileReference; lastKnownFileType = sourcecode.c.h; path = "IGListAdapter+DebugDescription.h"; sourceTree = "<group>"; };
		355D52F523F2D66100AA8BD4 /* IGListAdapter+UICollectionView.h */ = {isa = PBXFileReference; lastKnownFileType = sourcecode.c.h; path = "IGListAdapter+UICollectionView.h"; sourceTree = "<group>"; };
		355D52F623F2D66100AA8BD4 /* IGListBindingSectionController+DebugDescription.h */ = {isa = PBXFileReference; lastKnownFileType = sourcecode.c.h; path = "IGListBindingSectionController+DebugDescription.h"; sourceTree = "<group>"; };
		355D52F723F2D66100AA8BD4 /* UICollectionView+DebugDescription.h */ = {isa = PBXFileReference; lastKnownFileType = sourcecode.c.h; path = "UICollectionView+DebugDescription.h"; sourceTree = "<group>"; };
		355D52F823F2D66100AA8BD4 /* UICollectionView+IGListBatchUpdateData.h */ = {isa = PBXFileReference; lastKnownFileType = sourcecode.c.h; path = "UICollectionView+IGListBatchUpdateData.h"; sourceTree = "<group>"; };
		355D52F923F2D66100AA8BD4 /* IGListReloadIndexPath.m */ = {isa = PBXFileReference; lastKnownFileType = sourcecode.c.objc; path = IGListReloadIndexPath.m; sourceTree = "<group>"; };
		355D52FA23F2D66100AA8BD4 /* IGListBatchUpdateState.h */ = {isa = PBXFileReference; lastKnownFileType = sourcecode.c.h; path = IGListBatchUpdateState.h; sourceTree = "<group>"; };
		355D52FB23F2D66100AA8BD4 /* UICollectionViewLayout+InteractiveReordering.h */ = {isa = PBXFileReference; lastKnownFileType = sourcecode.c.h; path = "UICollectionViewLayout+InteractiveReordering.h"; sourceTree = "<group>"; };
		355D52FC23F2D66100AA8BD4 /* IGListSectionMap.h */ = {isa = PBXFileReference; lastKnownFileType = sourcecode.c.h; path = IGListSectionMap.h; sourceTree = "<group>"; };
		355D52FD23F2D66100AA8BD4 /* IGListDebugger.m */ = {isa = PBXFileReference; lastKnownFileType = sourcecode.c.objc; path = IGListDebugger.m; sourceTree = "<group>"; };
		355D52FE23F2D66100AA8BD4 /* IGListSectionControllerInternal.h */ = {isa = PBXFileReference; lastKnownFileType = sourcecode.c.h; path = IGListSectionControllerInternal.h; sourceTree = "<group>"; };
		355D52FF23F2D66100AA8BD4 /* IGListSectionMap+DebugDescription.h */ = {isa = PBXFileReference; lastKnownFileType = sourcecode.c.h; path = "IGListSectionMap+DebugDescription.h"; sourceTree = "<group>"; };
		355D530023F2D66100AA8BD4 /* IGListDisplayHandler.m */ = {isa = PBXFileReference; lastKnownFileType = sourcecode.c.objc; path = IGListDisplayHandler.m; sourceTree = "<group>"; };
		355D530123F2D66100AA8BD4 /* IGListAdapterProxy.h */ = {isa = PBXFileReference; lastKnownFileType = sourcecode.c.h; path = IGListAdapterProxy.h; sourceTree = "<group>"; };
		355D530223F2D66100AA8BD4 /* IGListAdapter.m */ = {isa = PBXFileReference; lastKnownFileType = sourcecode.c.objc; path = IGListAdapter.m; sourceTree = "<group>"; };
		355D530323F2D66100AA8BD4 /* IGListAdapterDelegate.h */ = {isa = PBXFileReference; lastKnownFileType = sourcecode.c.h; path = IGListAdapterDelegate.h; sourceTree = "<group>"; };
		355D530423F2D66100AA8BD4 /* IGListSingleSectionController.m */ = {isa = PBXFileReference; lastKnownFileType = sourcecode.c.objc; path = IGListSingleSectionController.m; sourceTree = "<group>"; };
		355D530523F2D66100AA8BD4 /* IGListGenericSectionController.h */ = {isa = PBXFileReference; lastKnownFileType = sourcecode.c.h; path = IGListGenericSectionController.h; sourceTree = "<group>"; };
		355D530623F2D66100AA8BD4 /* IGListDisplayDelegate.h */ = {isa = PBXFileReference; lastKnownFileType = sourcecode.c.h; path = IGListDisplayDelegate.h; sourceTree = "<group>"; };
		355D530723F2D66100AA8BD4 /* IGListWorkingRangeDelegate.h */ = {isa = PBXFileReference; lastKnownFileType = sourcecode.c.h; path = IGListWorkingRangeDelegate.h; sourceTree = "<group>"; };
		355D530823F2D66100AA8BD4 /* IGListStackedSectionController.m */ = {isa = PBXFileReference; lastKnownFileType = sourcecode.c.objc; path = IGListStackedSectionController.m; sourceTree = "<group>"; };
		355D530923F2D66100AA8BD4 /* IGListAdapterMoveDelegate.h */ = {isa = PBXFileReference; lastKnownFileType = sourcecode.c.h; path = IGListAdapterMoveDelegate.h; sourceTree = "<group>"; };
		355D530A23F2D66100AA8BD4 /* IGListCollectionViewDelegateLayout.h */ = {isa = PBXFileReference; lastKnownFileType = sourcecode.c.h; path = IGListCollectionViewDelegateLayout.h; sourceTree = "<group>"; };
		355D530B23F2D66100AA8BD4 /* IGListAdapterUpdater.m */ = {isa = PBXFileReference; lastKnownFileType = sourcecode.c.objc; path = IGListAdapterUpdater.m; sourceTree = "<group>"; };
		355D530C23F2D66100AA8BD4 /* IGListUpdatingDelegate.h */ = {isa = PBXFileReference; lastKnownFileType = sourcecode.c.h; path = IGListUpdatingDelegate.h; sourceTree = "<group>"; };
		355D530E23F2D66100AA8BD4 /* IGListMoveIndex.m */ = {isa = PBXFileReference; lastKnownFileType = sourcecode.c.objc; path = IGListMoveIndex.m; sourceTree = "<group>"; };
		355D530F23F2D66100AA8BD4 /* IGListIndexSetResult.h */ = {isa = PBXFileReference; lastKnownFileType = sourcecode.c.h; path = IGListIndexSetResult.h; sourceTree = "<group>"; };
		355D531023F2D66100AA8BD4 /* IGListMoveIndexPath.m */ = {isa = PBXFileReference; lastKnownFileType = sourcecode.c.objc; path = IGListMoveIndexPath.m; sourceTree = "<group>"; };
		355D531123F2D66100AA8BD4 /* IGListDiffable.h */ = {isa = PBXFileReference; lastKnownFileType = sourcecode.c.h; path = IGListDiffable.h; sourceTree = "<group>"; };
		355D531223F2D66100AA8BD4 /* NSString+IGListDiffable.h */ = {isa = PBXFileReference; lastKnownFileType = sourcecode.c.h; path = "NSString+IGListDiffable.h"; sourceTree = "<group>"; };
		355D531323F2D66100AA8BD4 /* IGListBatchUpdateData.mm */ = {isa = PBXFileReference; lastKnownFileType = sourcecode.cpp.objcpp; path = IGListBatchUpdateData.mm; sourceTree = "<group>"; };
		355D531423F2D66100AA8BD4 /* IGListIndexPathResult.h */ = {isa = PBXFileReference; lastKnownFileType = sourcecode.c.h; path = IGListIndexPathResult.h; sourceTree = "<group>"; };
		355D531523F2D66100AA8BD4 /* NSNumber+IGListDiffable.m */ = {isa = PBXFileReference; lastKnownFileType = sourcecode.c.objc; path = "NSNumber+IGListDiffable.m"; sourceTree = "<group>"; };
		355D531723F2D66100AA8BD4 /* IGListIndexSetResultInternal.h */ = {isa = PBXFileReference; lastKnownFileType = sourcecode.c.h; path = IGListIndexSetResultInternal.h; sourceTree = "<group>"; };
		355D531823F2D66100AA8BD4 /* IGListIndexPathResultInternal.h */ = {isa = PBXFileReference; lastKnownFileType = sourcecode.c.h; path = IGListIndexPathResultInternal.h; sourceTree = "<group>"; };
		355D531923F2D66100AA8BD4 /* IGListArrayUtilsInternal.h */ = {isa = PBXFileReference; lastKnownFileType = sourcecode.c.h; path = IGListArrayUtilsInternal.h; sourceTree = "<group>"; };
		355D531A23F2D66100AA8BD4 /* IGListMoveIndexInternal.h */ = {isa = PBXFileReference; lastKnownFileType = sourcecode.c.h; path = IGListMoveIndexInternal.h; sourceTree = "<group>"; };
		355D531B23F2D66100AA8BD4 /* IGListMoveIndexPathInternal.h */ = {isa = PBXFileReference; lastKnownFileType = sourcecode.c.h; path = IGListMoveIndexPathInternal.h; sourceTree = "<group>"; };
		355D531C23F2D66100AA8BD4 /* IGListCompatibility.h */ = {isa = PBXFileReference; lastKnownFileType = sourcecode.c.h; path = IGListCompatibility.h; sourceTree = "<group>"; };
		355D531D23F2D66100AA8BD4 /* IGListExperiments.h */ = {isa = PBXFileReference; lastKnownFileType = sourcecode.c.h; path = IGListExperiments.h; sourceTree = "<group>"; };
		355D531E23F2D66100AA8BD4 /* IGListIndexSetResult.m */ = {isa = PBXFileReference; lastKnownFileType = sourcecode.c.objc; path = IGListIndexSetResult.m; sourceTree = "<group>"; };
		355D531F23F2D66100AA8BD4 /* IGListMoveIndexPath.h */ = {isa = PBXFileReference; lastKnownFileType = sourcecode.c.h; path = IGListMoveIndexPath.h; sourceTree = "<group>"; };
		355D532023F2D66100AA8BD4 /* IGListMacros.h */ = {isa = PBXFileReference; lastKnownFileType = sourcecode.c.h; path = IGListMacros.h; sourceTree = "<group>"; };
		355D532123F2D66100AA8BD4 /* IGListMoveIndex.h */ = {isa = PBXFileReference; lastKnownFileType = sourcecode.c.h; path = IGListMoveIndex.h; sourceTree = "<group>"; };
		355D532223F2D66100AA8BD4 /* NSString+IGListDiffable.m */ = {isa = PBXFileReference; lastKnownFileType = sourcecode.c.objc; path = "NSString+IGListDiffable.m"; sourceTree = "<group>"; };
		355D532323F2D66100AA8BD4 /* IGListDiff.mm */ = {isa = PBXFileReference; lastKnownFileType = sourcecode.cpp.objcpp; path = IGListDiff.mm; sourceTree = "<group>"; };
		355D532423F2D66100AA8BD4 /* IGListDiffKit.h */ = {isa = PBXFileReference; lastKnownFileType = sourcecode.c.h; path = IGListDiffKit.h; sourceTree = "<group>"; };
		355D532523F2D66100AA8BD4 /* NSNumber+IGListDiffable.h */ = {isa = PBXFileReference; lastKnownFileType = sourcecode.c.h; path = "NSNumber+IGListDiffable.h"; sourceTree = "<group>"; };
		355D532623F2D66100AA8BD4 /* IGListAssert.h */ = {isa = PBXFileReference; lastKnownFileType = sourcecode.c.h; path = IGListAssert.h; sourceTree = "<group>"; };
		355D532723F2D66100AA8BD4 /* IGListBatchUpdateData.h */ = {isa = PBXFileReference; lastKnownFileType = sourcecode.c.h; path = IGListBatchUpdateData.h; sourceTree = "<group>"; };
		355D532823F2D66100AA8BD4 /* IGListIndexPathResult.m */ = {isa = PBXFileReference; lastKnownFileType = sourcecode.c.objc; path = IGListIndexPathResult.m; sourceTree = "<group>"; };
		355D532923F2D66100AA8BD4 /* IGListDiff.h */ = {isa = PBXFileReference; lastKnownFileType = sourcecode.c.h; path = IGListDiff.h; sourceTree = "<group>"; };
		355D532A23F2D66100AA8BD4 /* IGListSectionController.h */ = {isa = PBXFileReference; lastKnownFileType = sourcecode.c.h; path = IGListSectionController.h; sourceTree = "<group>"; };
		355D532B23F2D66100AA8BD4 /* IGListBatchContext.h */ = {isa = PBXFileReference; lastKnownFileType = sourcecode.c.h; path = IGListBatchContext.h; sourceTree = "<group>"; };
		355D532C23F2D66100AA8BD4 /* IGListScrollDelegate.h */ = {isa = PBXFileReference; lastKnownFileType = sourcecode.c.h; path = IGListScrollDelegate.h; sourceTree = "<group>"; };
		355D532D23F2D66100AA8BD4 /* IGListCollectionView.m */ = {isa = PBXFileReference; lastKnownFileType = sourcecode.c.objc; path = IGListCollectionView.m; sourceTree = "<group>"; };
		355D532E23F2D66100AA8BD4 /* IGListAdapterUpdateListener.h */ = {isa = PBXFileReference; lastKnownFileType = sourcecode.c.h; path = IGListAdapterUpdateListener.h; sourceTree = "<group>"; };
		355D532F23F2D66100AA8BD4 /* IGListTransitionDelegate.h */ = {isa = PBXFileReference; lastKnownFileType = sourcecode.c.h; path = IGListTransitionDelegate.h; sourceTree = "<group>"; };
		355D533023F2D66100AA8BD4 /* IGListBindingSectionController.m */ = {isa = PBXFileReference; lastKnownFileType = sourcecode.c.objc; path = IGListBindingSectionController.m; sourceTree = "<group>"; };
		355D533123F2D66100AA8BD4 /* IGListReloadDataUpdater.h */ = {isa = PBXFileReference; lastKnownFileType = sourcecode.c.h; path = IGListReloadDataUpdater.h; sourceTree = "<group>"; };
		355D533223F2D66100AA8BD4 /* IGListSupplementaryViewSource.h */ = {isa = PBXFileReference; lastKnownFileType = sourcecode.c.h; path = IGListSupplementaryViewSource.h; sourceTree = "<group>"; };
		355D533323F2D66100AA8BD4 /* IGListCollectionViewLayout.mm */ = {isa = PBXFileReference; lastKnownFileType = sourcecode.cpp.objcpp; path = IGListCollectionViewLayout.mm; sourceTree = "<group>"; };
		355D533423F2D66100AA8BD4 /* IGListBindingSectionControllerDataSource.h */ = {isa = PBXFileReference; lastKnownFileType = sourcecode.c.h; path = IGListBindingSectionControllerDataSource.h; sourceTree = "<group>"; };
		355D533523F2D66100AA8BD4 /* IGListCollectionContext.h */ = {isa = PBXFileReference; lastKnownFileType = sourcecode.c.h; path = IGListCollectionContext.h; sourceTree = "<group>"; };
		355D533623F2D66100AA8BD4 /* IGListGenericSectionController.m */ = {isa = PBXFileReference; lastKnownFileType = sourcecode.c.objc; path = IGListGenericSectionController.m; sourceTree = "<group>"; };
		355D533723F2D66100AA8BD4 /* IGListSingleSectionController.h */ = {isa = PBXFileReference; lastKnownFileType = sourcecode.c.h; path = IGListSingleSectionController.h; sourceTree = "<group>"; };
		355D533823F2D66100AA8BD4 /* IGListAdapter.h */ = {isa = PBXFileReference; lastKnownFileType = sourcecode.c.h; path = IGListAdapter.h; sourceTree = "<group>"; };
		355D533923F2D66100AA8BD4 /* README.md */ = {isa = PBXFileReference; lastKnownFileType = net.daringfireball.markdown; path = README.md; sourceTree = "<group>"; };
		355D535E23F2D70400AA8BD4 /* libIGListKit.a */ = {isa = PBXFileReference; lastKnownFileType = archive.ar; name = libIGListKit.a; path = "../../../Library/Developer/Xcode/DerivedData/RNListKit-eweiskscwendrbceqrplcbcuhgcu/Build/Products/Debug-iphonesimulator/IGListKit/libIGListKit.a"; sourceTree = "<group>"; };
		355D539D23F3AACC00AA8BD4 /* libPods-RNSwiper.a */ = {isa = PBXFileReference; explicitFileType = archive.ar; path = "libPods-RNSwiper.a"; sourceTree = BUILT_PRODUCTS_DIR; };
		355D539F23F3AACE00AA8BD4 /* libSDWebImage.a */ = {isa = PBXFileReference; explicitFileType = archive.ar; path = libSDWebImage.a; sourceTree = BUILT_PRODUCTS_DIR; };
		356363E423F10B5E00889783 /* libRNSwiper.a */ = {isa = PBXFileReference; explicitFileType = archive.ar; includeInIndex = 0; path = libRNSwiper.a; sourceTree = BUILT_PRODUCTS_DIR; };
		356363E623F10B5E00889783 /* RNSwiper.swift */ = {isa = PBXFileReference; lastKnownFileType = sourcecode.swift; path = RNSwiper.swift; sourceTree = "<group>"; };
		356363EC23F10DCA00889783 /* RNSwiper-Bridging-Header.h */ = {isa = PBXFileReference; lastKnownFileType = sourcecode.c.h; path = "RNSwiper-Bridging-Header.h"; sourceTree = "<group>"; };
		356363ED23F10DDA00889783 /* RNLGridViewManager.m */ = {isa = PBXFileReference; lastKnownFileType = sourcecode.c.objc; path = RNLGridViewManager.m; sourceTree = "<group>"; };
		356363F023F10E0B00889783 /* GridViewSnappingLayout.swift */ = {isa = PBXFileReference; fileEncoding = 4; lastKnownFileType = sourcecode.swift; path = GridViewSnappingLayout.swift; sourceTree = "<group>"; };
		356363F123F10E0B00889783 /* GridViewController.swift */ = {isa = PBXFileReference; fileEncoding = 4; lastKnownFileType = sourcecode.swift; path = GridViewController.swift; sourceTree = "<group>"; };
		356363F223F10E0B00889783 /* GridView.swift */ = {isa = PBXFileReference; fileEncoding = 4; lastKnownFileType = sourcecode.swift; path = GridView.swift; sourceTree = "<group>"; };
		356363F323F10E0C00889783 /* GridViewSectionLoadingDelegate.swift */ = {isa = PBXFileReference; fileEncoding = 4; lastKnownFileType = sourcecode.swift; path = GridViewSectionLoadingDelegate.swift; sourceTree = "<group>"; };
		35A3750523F1291500F9A655 /* ColumnCell.swift */ = {isa = PBXFileReference; lastKnownFileType = sourcecode.swift; path = ColumnCell.swift; sourceTree = "<group>"; };
		35A3751723F12A1300F9A655 /* CellReusable.swift */ = {isa = PBXFileReference; fileEncoding = 4; lastKnownFileType = sourcecode.swift; path = CellReusable.swift; sourceTree = "<group>"; };
		35A3751A23F12A2E00F9A655 /* Section.swift */ = {isa = PBXFileReference; fileEncoding = 4; lastKnownFileType = sourcecode.swift; path = Section.swift; sourceTree = "<group>"; };
		35A3751C23F12A2F00F9A655 /* GridSectionController.swift */ = {isa = PBXFileReference; fileEncoding = 4; lastKnownFileType = sourcecode.swift; path = GridSectionController.swift; sourceTree = "<group>"; };
		35A3751E23F12A2F00F9A655 /* GridViewModel.swift */ = {isa = PBXFileReference; fileEncoding = 4; lastKnownFileType = sourcecode.swift; path = GridViewModel.swift; sourceTree = "<group>"; };
		35A3751F23F12A2F00F9A655 /* ColumnViewModel.swift */ = {isa = PBXFileReference; fileEncoding = 4; lastKnownFileType = sourcecode.swift; path = ColumnViewModel.swift; sourceTree = "<group>"; };
		4A505ADF5D55CC5DF402AB2C /* libPods-RNSwiper.a */ = {isa = PBXFileReference; explicitFileType = archive.ar; includeInIndex = 0; path = "libPods-RNSwiper.a"; sourceTree = BUILT_PRODUCTS_DIR; };
		565AEFAC4DF58F21A3D5CF49 /* Pods-RNSwiper.release.xcconfig */ = {isa = PBXFileReference; includeInIndex = 1; lastKnownFileType = text.xcconfig; name = "Pods-RNSwiper.release.xcconfig"; path = "Target Support Files/Pods-RNSwiper/Pods-RNSwiper.release.xcconfig"; sourceTree = "<group>"; };
		5E91572D1DD0AC6500FF2AA8 /* RCTAnimation.xcodeproj */ = {isa = PBXFileReference; lastKnownFileType = "wrapper.pb-project"; name = RCTAnimation.xcodeproj; path = "../node_modules/react-native/Libraries/NativeAnimation/RCTAnimation.xcodeproj"; sourceTree = "<group>"; };
		78C398B01ACF4ADC00677621 /* RCTLinking.xcodeproj */ = {isa = PBXFileReference; lastKnownFileType = "wrapper.pb-project"; name = RCTLinking.xcodeproj; path = "../node_modules/react-native/Libraries/LinkingIOS/RCTLinking.xcodeproj"; sourceTree = "<group>"; };
		832341B01AAA6A8300B99B32 /* RCTText.xcodeproj */ = {isa = PBXFileReference; lastKnownFileType = "wrapper.pb-project"; name = RCTText.xcodeproj; path = "../node_modules/react-native/Libraries/Text/RCTText.xcodeproj"; sourceTree = "<group>"; };
		ADBDB91F1DFEBF0600ED6528 /* RCTBlob.xcodeproj */ = {isa = PBXFileReference; lastKnownFileType = "wrapper.pb-project"; name = RCTBlob.xcodeproj; path = "../node_modules/react-native/Libraries/Blob/RCTBlob.xcodeproj"; sourceTree = "<group>"; };
		ECB9DC78746A73D1A9A8EDD2 /* Pods-RNSwiper.debug.xcconfig */ = {isa = PBXFileReference; includeInIndex = 1; lastKnownFileType = text.xcconfig; name = "Pods-RNSwiper.debug.xcconfig"; path = "Target Support Files/Pods-RNSwiper/Pods-RNSwiper.debug.xcconfig"; sourceTree = "<group>"; };
/* End PBXFileReference section */

/* Begin PBXFrameworksBuildPhase section */
		356363E123F10B5E00889783 /* Frameworks */ = {
			isa = PBXFrameworksBuildPhase;
			buildActionMask = 2147483647;
			files = (
			);
			runOnlyForDeploymentPostprocessing = 0;
		};
/* End PBXFrameworksBuildPhase section */

/* Begin PBXGroup section */
		00C302A81ABCB8CE00DB3ED1 /* Products */ = {
			isa = PBXGroup;
			children = (
				00C302AC1ABCB8CE00DB3ED1 /* libRCTActionSheet.a */,
			);
			name = Products;
			sourceTree = "<group>";
		};
		00C302B61ABCB90400DB3ED1 /* Products */ = {
			isa = PBXGroup;
			children = (
				00C302BA1ABCB90400DB3ED1 /* libRCTGeolocation.a */,
			);
			name = Products;
			sourceTree = "<group>";
		};
		00C302BC1ABCB91800DB3ED1 /* Products */ = {
			isa = PBXGroup;
			children = (
				00C302C01ABCB91800DB3ED1 /* libRCTImage.a */,
				3DAD3E841DF850E9000B6D8A /* libRCTImage-tvOS.a */,
			);
			name = Products;
			sourceTree = "<group>";
		};
		00C302D41ABCB9D200DB3ED1 /* Products */ = {
			isa = PBXGroup;
			children = (
				00C302DC1ABCB9D200DB3ED1 /* libRCTNetwork.a */,
				3DAD3E8C1DF850E9000B6D8A /* libRCTNetwork-tvOS.a */,
			);
			name = Products;
			sourceTree = "<group>";
		};
		00C302E01ABCB9EE00DB3ED1 /* Products */ = {
			isa = PBXGroup;
			children = (
				00C302E41ABCB9EE00DB3ED1 /* libRCTVibration.a */,
			);
			name = Products;
			sourceTree = "<group>";
		};
		00E356EF1AD99517003FC87E /* RNListKitTests */ = {
			isa = PBXGroup;
			children = (
				00E356F21AD99517003FC87E /* RNListKitTests.m */,
				00E356F01AD99517003FC87E /* Supporting Files */,
			);
			path = RNListKitTests;
			sourceTree = "<group>";
		};
		00E356F01AD99517003FC87E /* Supporting Files */ = {
			isa = PBXGroup;
			children = (
				00E356F11AD99517003FC87E /* Info.plist */,
			);
			name = "Supporting Files";
			sourceTree = "<group>";
		};
		139105B71AF99BAD00B5F7CC /* Products */ = {
			isa = PBXGroup;
			children = (
				139105C11AF99BAD00B5F7CC /* libRCTSettings.a */,
				3DAD3E901DF850E9000B6D8A /* libRCTSettings-tvOS.a */,
			);
			name = Products;
			sourceTree = "<group>";
		};
		139FDEE71B06529A00C62182 /* Products */ = {
			isa = PBXGroup;
			children = (
				139FDEF41B06529B00C62182 /* libRCTWebSocket.a */,
				3DAD3E991DF850E9000B6D8A /* libRCTWebSocket-tvOS.a */,
				2D16E6841FA4F8DC00B85C8A /* libfishhook.a */,
				2D16E6861FA4F8DC00B85C8A /* libfishhook-tvOS.a */,
			);
			name = Products;
			sourceTree = "<group>";
		};
		13B07FAE1A68108700A75B9A /* RNListKit */ = {
			isa = PBXGroup;
			children = (
				008F07F21AC5B25A0029DE68 /* main.jsbundle */,
				13B07FAF1A68108700A75B9A /* AppDelegate.h */,
				13B07FB01A68108700A75B9A /* AppDelegate.m */,
				13B07FB51A68108700A75B9A /* Images.xcassets */,
				13B07FB61A68108700A75B9A /* Info.plist */,
				13B07FB11A68108700A75B9A /* LaunchScreen.xib */,
				13B07FB71A68108700A75B9A /* main.m */,
			);
			name = RNListKit;
			sourceTree = "<group>";
		};
		146834001AC3E56700842450 /* Products */ = {
			isa = PBXGroup;
			children = (
				146834041AC3E56700842450 /* libReact.a */,
				3DAD3EA31DF850E9000B6D8A /* libReact.a */,
				3DAD3EA51DF850E9000B6D8A /* libyoga.a */,
				3DAD3EA71DF850E9000B6D8A /* libyoga.a */,
				3DAD3EA91DF850E9000B6D8A /* libcxxreact.a */,
				3DAD3EAB1DF850E9000B6D8A /* libcxxreact.a */,
				3DAD3EAD1DF850E9000B6D8A /* libjschelpers.a */,
				3DAD3EAF1DF850E9000B6D8A /* libjschelpers.a */,
				2DF0FFDF2056DD460020B375 /* libjsinspector.a */,
				2DF0FFE12056DD460020B375 /* libjsinspector-tvOS.a */,
				2DF0FFE32056DD460020B375 /* libthird-party.a */,
				2DF0FFE52056DD460020B375 /* libthird-party.a */,
				2DF0FFE72056DD460020B375 /* libdouble-conversion.a */,
				2DF0FFE92056DD460020B375 /* libdouble-conversion.a */,
				2DF0FFEB2056DD460020B375 /* libprivatedata.a */,
				2DF0FFED2056DD460020B375 /* libprivatedata-tvOS.a */,
			);
			name = Products;
			sourceTree = "<group>";
		};
		2D16E6871FA4F8E400B85C8A /* Frameworks */ = {
			isa = PBXGroup;
			children = (
				355D535E23F2D70400AA8BD4 /* libIGListKit.a */,
				355D539D23F3AACC00AA8BD4 /* libPods-RNSwiper.a */,
				355D539F23F3AACE00AA8BD4 /* libSDWebImage.a */,
				355D52C823F2D66100AA8BD4 /* IGListKit */,
				3530718023F271F70006E87B /* libSDWebImage.a */,
				3530717E23F271DE0006E87B /* libIGListKit.a */,
				2D16E6891FA4F8E400B85C8A /* libReact.a */,
				4A505ADF5D55CC5DF402AB2C /* libPods-RNSwiper.a */,
			);
			name = Frameworks;
			sourceTree = "<group>";
		};
		351B326A23F28373002D20BF /* EventEmitter */ = {
			isa = PBXGroup;
			children = (
				351B326B23F28373002D20BF /* RNLEventEmitter.m */,
				351B326C23F28373002D20BF /* RNLEventEmitter.swift */,
				351B326D23F28373002D20BF /* EventEmitter.swift */,
			);
			path = EventEmitter;
			sourceTree = "<group>";
		};
		355D52C823F2D66100AA8BD4 /* IGListKit */ = {
			isa = PBXGroup;
			children = (
				355D52C923F2D66100AA8BD4 /* LICENSE.md */,
				355D52CA23F2D66100AA8BD4 /* Source */,
				355D533923F2D66100AA8BD4 /* README.md */,
			);
			name = IGListKit;
			path = Pods/IGListKit;
			sourceTree = "<group>";
		};
		355D52CA23F2D66100AA8BD4 /* Source */ = {
			isa = PBXGroup;
			children = (
				355D52CB23F2D66100AA8BD4 /* IGListSectionController.m */,
				355D52CC23F2D66100AA8BD4 /* IGListAdapterUpdater.h */,
				355D52CD23F2D66100AA8BD4 /* IGListStackedSectionController.h */,
				355D52CE23F2D66100AA8BD4 /* IGListCollectionViewLayout.h */,
				355D52CF23F2D66100AA8BD4 /* IGListCollectionView.h */,
				355D52D023F2D66100AA8BD4 /* IGListAdapterDataSource.h */,
				355D52D123F2D66100AA8BD4 /* IGListKit.h */,
				355D52D223F2D66100AA8BD4 /* IGListBindable.h */,
				355D52D323F2D66100AA8BD4 /* IGListAdapterUpdaterDelegate.h */,
				355D52D423F2D66100AA8BD4 /* IGListReloadDataUpdater.m */,
				355D52D523F2D66100AA8BD4 /* IGListBindingSectionController.h */,
				355D52D623F2D66100AA8BD4 /* IGListBindingSectionControllerSelectionDelegate.h */,
				355D52D723F2D66100AA8BD4 /* Internal */,
				355D530223F2D66100AA8BD4 /* IGListAdapter.m */,
				355D530323F2D66100AA8BD4 /* IGListAdapterDelegate.h */,
				355D530423F2D66100AA8BD4 /* IGListSingleSectionController.m */,
				355D530523F2D66100AA8BD4 /* IGListGenericSectionController.h */,
				355D530623F2D66100AA8BD4 /* IGListDisplayDelegate.h */,
				355D530723F2D66100AA8BD4 /* IGListWorkingRangeDelegate.h */,
				355D530823F2D66100AA8BD4 /* IGListStackedSectionController.m */,
				355D530923F2D66100AA8BD4 /* IGListAdapterMoveDelegate.h */,
				355D530A23F2D66100AA8BD4 /* IGListCollectionViewDelegateLayout.h */,
				355D530B23F2D66100AA8BD4 /* IGListAdapterUpdater.m */,
				355D530C23F2D66100AA8BD4 /* IGListUpdatingDelegate.h */,
				355D530D23F2D66100AA8BD4 /* Common */,
				355D532A23F2D66100AA8BD4 /* IGListSectionController.h */,
				355D532B23F2D66100AA8BD4 /* IGListBatchContext.h */,
				355D532C23F2D66100AA8BD4 /* IGListScrollDelegate.h */,
				355D532D23F2D66100AA8BD4 /* IGListCollectionView.m */,
				355D532E23F2D66100AA8BD4 /* IGListAdapterUpdateListener.h */,
				355D532F23F2D66100AA8BD4 /* IGListTransitionDelegate.h */,
				355D533023F2D66100AA8BD4 /* IGListBindingSectionController.m */,
				355D533123F2D66100AA8BD4 /* IGListReloadDataUpdater.h */,
				355D533223F2D66100AA8BD4 /* IGListSupplementaryViewSource.h */,
				355D533323F2D66100AA8BD4 /* IGListCollectionViewLayout.mm */,
				355D533423F2D66100AA8BD4 /* IGListBindingSectionControllerDataSource.h */,
				355D533523F2D66100AA8BD4 /* IGListCollectionContext.h */,
				355D533623F2D66100AA8BD4 /* IGListGenericSectionController.m */,
				355D533723F2D66100AA8BD4 /* IGListSingleSectionController.h */,
				355D533823F2D66100AA8BD4 /* IGListAdapter.h */,
			);
			path = Source;
			sourceTree = "<group>";
		};
		355D52D723F2D66100AA8BD4 /* Internal */ = {
			isa = PBXGroup;
			children = (
				355D52D823F2D66100AA8BD4 /* IGListAdapter+DebugDescription.m */,
				355D52D923F2D66100AA8BD4 /* IGListWorkingRangeHandler.mm */,
				355D52DA23F2D66100AA8BD4 /* IGListDebuggingUtilities.m */,
				355D52DB23F2D66100AA8BD4 /* IGListBatchUpdateData+DebugDescription.h */,
				355D52DC23F2D66100AA8BD4 /* UIScrollView+IGListKit.m */,
				355D52DD23F2D66100AA8BD4 /* IGListBatchUpdates.m */,
				355D52DE23F2D66100AA8BD4 /* IGListAdapterUpdater+DebugDescription.h */,
				355D52DF23F2D66100AA8BD4 /* IGListReloadIndexPath.h */,
				355D52E023F2D66100AA8BD4 /* UICollectionView+IGListBatchUpdateData.m */,
				355D52E123F2D66100AA8BD4 /* IGListCollectionViewLayoutInternal.h */,
				355D52E223F2D66100AA8BD4 /* UICollectionView+DebugDescription.m */,
				355D52E323F2D66100AA8BD4 /* IGListBindingSectionController+DebugDescription.m */,
				355D52E423F2D66100AA8BD4 /* IGListAdapter+UICollectionView.m */,
				355D52E523F2D66100AA8BD4 /* IGListStackedSectionControllerInternal.h */,
				355D52E623F2D66100AA8BD4 /* IGListAdapterUpdaterInternal.h */,
				355D52E723F2D66100AA8BD4 /* IGListSectionMap.m */,
				355D52E823F2D66100AA8BD4 /* IGListDebugger.h */,
				355D52E923F2D66100AA8BD4 /* UICollectionViewLayout+InteractiveReordering.m */,
				355D52EA23F2D66100AA8BD4 /* IGListWorkingRangeHandler.h */,
				355D52EB23F2D66100AA8BD4 /* IGListAdapterProxy.m */,
				355D52EC23F2D66100AA8BD4 /* IGListAdapterInternal.h */,
				355D52ED23F2D66100AA8BD4 /* IGListSectionMap+DebugDescription.m */,
				355D52EE23F2D66100AA8BD4 /* IGListDisplayHandler.h */,
				355D52EF23F2D66100AA8BD4 /* IGListBatchUpdates.h */,
				355D52F023F2D66100AA8BD4 /* IGListAdapterUpdater+DebugDescription.m */,
				355D52F123F2D66100AA8BD4 /* UIScrollView+IGListKit.h */,
				355D52F223F2D66100AA8BD4 /* IGListBatchUpdateData+DebugDescription.m */,
				355D52F323F2D66100AA8BD4 /* IGListDebuggingUtilities.h */,
				355D52F423F2D66100AA8BD4 /* IGListAdapter+DebugDescription.h */,
				355D52F523F2D66100AA8BD4 /* IGListAdapter+UICollectionView.h */,
				355D52F623F2D66100AA8BD4 /* IGListBindingSectionController+DebugDescription.h */,
				355D52F723F2D66100AA8BD4 /* UICollectionView+DebugDescription.h */,
				355D52F823F2D66100AA8BD4 /* UICollectionView+IGListBatchUpdateData.h */,
				355D52F923F2D66100AA8BD4 /* IGListReloadIndexPath.m */,
				355D52FA23F2D66100AA8BD4 /* IGListBatchUpdateState.h */,
				355D52FB23F2D66100AA8BD4 /* UICollectionViewLayout+InteractiveReordering.h */,
				355D52FC23F2D66100AA8BD4 /* IGListSectionMap.h */,
				355D52FD23F2D66100AA8BD4 /* IGListDebugger.m */,
				355D52FE23F2D66100AA8BD4 /* IGListSectionControllerInternal.h */,
				355D52FF23F2D66100AA8BD4 /* IGListSectionMap+DebugDescription.h */,
				355D530023F2D66100AA8BD4 /* IGListDisplayHandler.m */,
				355D530123F2D66100AA8BD4 /* IGListAdapterProxy.h */,
			);
			path = Internal;
			sourceTree = "<group>";
		};
		355D530D23F2D66100AA8BD4 /* Common */ = {
			isa = PBXGroup;
			children = (
				355D530E23F2D66100AA8BD4 /* IGListMoveIndex.m */,
				355D530F23F2D66100AA8BD4 /* IGListIndexSetResult.h */,
				355D531023F2D66100AA8BD4 /* IGListMoveIndexPath.m */,
				355D531123F2D66100AA8BD4 /* IGListDiffable.h */,
				355D531223F2D66100AA8BD4 /* NSString+IGListDiffable.h */,
				355D531323F2D66100AA8BD4 /* IGListBatchUpdateData.mm */,
				355D531423F2D66100AA8BD4 /* IGListIndexPathResult.h */,
				355D531523F2D66100AA8BD4 /* NSNumber+IGListDiffable.m */,
				355D531623F2D66100AA8BD4 /* Internal */,
				355D531C23F2D66100AA8BD4 /* IGListCompatibility.h */,
				355D531D23F2D66100AA8BD4 /* IGListExperiments.h */,
				355D531E23F2D66100AA8BD4 /* IGListIndexSetResult.m */,
				355D531F23F2D66100AA8BD4 /* IGListMoveIndexPath.h */,
				355D532023F2D66100AA8BD4 /* IGListMacros.h */,
				355D532123F2D66100AA8BD4 /* IGListMoveIndex.h */,
				355D532223F2D66100AA8BD4 /* NSString+IGListDiffable.m */,
				355D532323F2D66100AA8BD4 /* IGListDiff.mm */,
				355D532423F2D66100AA8BD4 /* IGListDiffKit.h */,
				355D532523F2D66100AA8BD4 /* NSNumber+IGListDiffable.h */,
				355D532623F2D66100AA8BD4 /* IGListAssert.h */,
				355D532723F2D66100AA8BD4 /* IGListBatchUpdateData.h */,
				355D532823F2D66100AA8BD4 /* IGListIndexPathResult.m */,
				355D532923F2D66100AA8BD4 /* IGListDiff.h */,
			);
			path = Common;
			sourceTree = "<group>";
		};
		355D531623F2D66100AA8BD4 /* Internal */ = {
			isa = PBXGroup;
			children = (
				355D531723F2D66100AA8BD4 /* IGListIndexSetResultInternal.h */,
				355D531823F2D66100AA8BD4 /* IGListIndexPathResultInternal.h */,
				355D531923F2D66100AA8BD4 /* IGListArrayUtilsInternal.h */,
				355D531A23F2D66100AA8BD4 /* IGListMoveIndexInternal.h */,
				355D531B23F2D66100AA8BD4 /* IGListMoveIndexPathInternal.h */,
			);
			path = Internal;
			sourceTree = "<group>";
		};
		356363E523F10B5E00889783 /* RNSwiper */ = {
			isa = PBXGroup;
			children = (
				351B326A23F28373002D20BF /* EventEmitter */,
				35A3751923F12A2E00F9A655 /* Models */,
				35A3751B23F12A2F00F9A655 /* Section Controllers */,
				35A3751D23F12A2F00F9A655 /* View Models */,
				35A3751623F12A1300F9A655 /* Misc Utils */,
				35A3750223F128B800F9A655 /* Cells */,
				356363F223F10E0B00889783 /* GridView.swift */,
				356363F123F10E0B00889783 /* GridViewController.swift */,
				356363F323F10E0C00889783 /* GridViewSectionLoadingDelegate.swift */,
				356363F023F10E0B00889783 /* GridViewSnappingLayout.swift */,
				356363ED23F10DDA00889783 /* RNLGridViewManager.m */,
				356363EC23F10DCA00889783 /* RNSwiper-Bridging-Header.h */,
				356363E623F10B5E00889783 /* RNSwiper.swift */,
			);
			path = RNSwiper;
			sourceTree = "<group>";
		};
		35A3750223F128B800F9A655 /* Cells */ = {
			isa = PBXGroup;
			children = (
				35A3750523F1291500F9A655 /* ColumnCell.swift */,
			);
			path = Cells;
			sourceTree = "<group>";
		};
		35A3751623F12A1300F9A655 /* Misc Utils */ = {
			isa = PBXGroup;
			children = (
				35A3751723F12A1300F9A655 /* CellReusable.swift */,
			);
			path = "Misc Utils";
			sourceTree = "<group>";
		};
		35A3751923F12A2E00F9A655 /* Models */ = {
			isa = PBXGroup;
			children = (
				35A3751A23F12A2E00F9A655 /* Section.swift */,
			);
			path = Models;
			sourceTree = "<group>";
		};
		35A3751B23F12A2F00F9A655 /* Section Controllers */ = {
			isa = PBXGroup;
			children = (
				35A3751C23F12A2F00F9A655 /* GridSectionController.swift */,
			);
			path = "Section Controllers";
			sourceTree = "<group>";
		};
		35A3751D23F12A2F00F9A655 /* View Models */ = {
			isa = PBXGroup;
			children = (
				35A3751E23F12A2F00F9A655 /* GridViewModel.swift */,
				35A3751F23F12A2F00F9A655 /* ColumnViewModel.swift */,
			);
			path = "View Models";
			sourceTree = "<group>";
		};
		5E91572E1DD0AC6500FF2AA8 /* Products */ = {
			isa = PBXGroup;
			children = (
				5E9157331DD0AC6500FF2AA8 /* libRCTAnimation.a */,
				5E9157351DD0AC6500FF2AA8 /* libRCTAnimation.a */,
			);
			name = Products;
			sourceTree = "<group>";
		};
		78C398B11ACF4ADC00677621 /* Products */ = {
			isa = PBXGroup;
			children = (
				78C398B91ACF4ADC00677621 /* libRCTLinking.a */,
				3DAD3E881DF850E9000B6D8A /* libRCTLinking-tvOS.a */,
			);
			name = Products;
			sourceTree = "<group>";
		};
		832341AE1AAA6A7D00B99B32 /* Libraries */ = {
			isa = PBXGroup;
			children = (
				5E91572D1DD0AC6500FF2AA8 /* RCTAnimation.xcodeproj */,
				146833FF1AC3E56700842450 /* React.xcodeproj */,
				00C302A71ABCB8CE00DB3ED1 /* RCTActionSheet.xcodeproj */,
				ADBDB91F1DFEBF0600ED6528 /* RCTBlob.xcodeproj */,
				00C302B51ABCB90400DB3ED1 /* RCTGeolocation.xcodeproj */,
				00C302BB1ABCB91800DB3ED1 /* RCTImage.xcodeproj */,
				78C398B01ACF4ADC00677621 /* RCTLinking.xcodeproj */,
				00C302D31ABCB9D200DB3ED1 /* RCTNetwork.xcodeproj */,
				139105B61AF99BAD00B5F7CC /* RCTSettings.xcodeproj */,
				832341B01AAA6A8300B99B32 /* RCTText.xcodeproj */,
				00C302DF1ABCB9EE00DB3ED1 /* RCTVibration.xcodeproj */,
				139FDEE61B06529A00C62182 /* RCTWebSocket.xcodeproj */,
			);
			name = Libraries;
			sourceTree = "<group>";
		};
		832341B11AAA6A8300B99B32 /* Products */ = {
			isa = PBXGroup;
			children = (
				832341B51AAA6A8300B99B32 /* libRCTText.a */,
				3DAD3E941DF850E9000B6D8A /* libRCTText-tvOS.a */,
			);
			name = Products;
			sourceTree = "<group>";
		};
		83CBB9F61A601CBA00E9B192 = {
			isa = PBXGroup;
			children = (
				13B07FAE1A68108700A75B9A /* RNListKit */,
				832341AE1AAA6A7D00B99B32 /* Libraries */,
				00E356EF1AD99517003FC87E /* RNListKitTests */,
				356363E523F10B5E00889783 /* RNSwiper */,
				83CBBA001A601CBA00E9B192 /* Products */,
				2D16E6871FA4F8E400B85C8A /* Frameworks */,
				BBF0C7455CF6BCA1B685D8CD /* Pods */,
			);
			indentWidth = 2;
			sourceTree = "<group>";
			tabWidth = 2;
			usesTabs = 0;
		};
		83CBBA001A601CBA00E9B192 /* Products */ = {
			isa = PBXGroup;
			children = (
				356363E423F10B5E00889783 /* libRNSwiper.a */,
			);
			name = Products;
			sourceTree = "<group>";
		};
		ADBDB9201DFEBF0600ED6528 /* Products */ = {
			isa = PBXGroup;
			children = (
				ADBDB9271DFEBF0700ED6528 /* libRCTBlob.a */,
				2D16E6721FA4F8DC00B85C8A /* libRCTBlob-tvOS.a */,
			);
			name = Products;
			sourceTree = "<group>";
		};
		BBF0C7455CF6BCA1B685D8CD /* Pods */ = {
			isa = PBXGroup;
			children = (
				ECB9DC78746A73D1A9A8EDD2 /* Pods-RNSwiper.debug.xcconfig */,
				565AEFAC4DF58F21A3D5CF49 /* Pods-RNSwiper.release.xcconfig */,
			);
			path = Pods;
			sourceTree = "<group>";
		};
/* End PBXGroup section */

/* Begin PBXNativeTarget section */
		356363E323F10B5E00889783 /* RNSwiper */ = {
			isa = PBXNativeTarget;
			buildConfigurationList = 356363E823F10B5E00889783 /* Build configuration list for PBXNativeTarget "RNSwiper" */;
			buildPhases = (
				A85B520DEF520FC8DC782244 /* [CP] Check Pods Manifest.lock */,
				356363E023F10B5E00889783 /* Sources */,
				356363E123F10B5E00889783 /* Frameworks */,
				356363E223F10B5E00889783 /* Copy Files */,
			);
			buildRules = (
			);
			dependencies = (
				35667CBE23F573DF001A5990 /* PBXTargetDependency */,
			);
			name = RNSwiper;
			productName = RNSwiper;
			productReference = 356363E423F10B5E00889783 /* libRNSwiper.a */;
			productType = "com.apple.product-type.library.static";
		};
/* End PBXNativeTarget section */

/* Begin PBXProject section */
		83CBB9F71A601CBA00E9B192 /* Project object */ = {
			isa = PBXProject;
			attributes = {
				CLASSPREFIX = RNL;
				LastSwiftUpdateCheck = 1030;
				LastUpgradeCheck = 0940;
				ORGANIZATIONNAME = Facebook;
				TargetAttributes = {
					356363E323F10B5E00889783 = {
						CreatedOnToolsVersion = 10.3;
						DevelopmentTeam = 3K5P83CPG7;
						ProvisioningStyle = Automatic;
					};
				};
			};
			buildConfigurationList = 83CBB9FA1A601CBA00E9B192 /* Build configuration list for PBXProject "RNListKit" */;
			compatibilityVersion = "Xcode 3.2";
			developmentRegion = English;
			hasScannedForEncodings = 0;
			knownRegions = (
				English,
				en,
				Base,
			);
			mainGroup = 83CBB9F61A601CBA00E9B192;
			productRefGroup = 83CBBA001A601CBA00E9B192 /* Products */;
			projectDirPath = "";
			projectReferences = (
				{
					ProductGroup = 00C302A81ABCB8CE00DB3ED1 /* Products */;
					ProjectRef = 00C302A71ABCB8CE00DB3ED1 /* RCTActionSheet.xcodeproj */;
				},
				{
					ProductGroup = 5E91572E1DD0AC6500FF2AA8 /* Products */;
					ProjectRef = 5E91572D1DD0AC6500FF2AA8 /* RCTAnimation.xcodeproj */;
				},
				{
					ProductGroup = ADBDB9201DFEBF0600ED6528 /* Products */;
					ProjectRef = ADBDB91F1DFEBF0600ED6528 /* RCTBlob.xcodeproj */;
				},
				{
					ProductGroup = 00C302B61ABCB90400DB3ED1 /* Products */;
					ProjectRef = 00C302B51ABCB90400DB3ED1 /* RCTGeolocation.xcodeproj */;
				},
				{
					ProductGroup = 00C302BC1ABCB91800DB3ED1 /* Products */;
					ProjectRef = 00C302BB1ABCB91800DB3ED1 /* RCTImage.xcodeproj */;
				},
				{
					ProductGroup = 78C398B11ACF4ADC00677621 /* Products */;
					ProjectRef = 78C398B01ACF4ADC00677621 /* RCTLinking.xcodeproj */;
				},
				{
					ProductGroup = 00C302D41ABCB9D200DB3ED1 /* Products */;
					ProjectRef = 00C302D31ABCB9D200DB3ED1 /* RCTNetwork.xcodeproj */;
				},
				{
					ProductGroup = 139105B71AF99BAD00B5F7CC /* Products */;
					ProjectRef = 139105B61AF99BAD00B5F7CC /* RCTSettings.xcodeproj */;
				},
				{
					ProductGroup = 832341B11AAA6A8300B99B32 /* Products */;
					ProjectRef = 832341B01AAA6A8300B99B32 /* RCTText.xcodeproj */;
				},
				{
					ProductGroup = 00C302E01ABCB9EE00DB3ED1 /* Products */;
					ProjectRef = 00C302DF1ABCB9EE00DB3ED1 /* RCTVibration.xcodeproj */;
				},
				{
					ProductGroup = 139FDEE71B06529A00C62182 /* Products */;
					ProjectRef = 139FDEE61B06529A00C62182 /* RCTWebSocket.xcodeproj */;
				},
				{
					ProductGroup = 146834001AC3E56700842450 /* Products */;
					ProjectRef = 146833FF1AC3E56700842450 /* React.xcodeproj */;
				},
			);
			projectRoot = "";
			targets = (
				356363E323F10B5E00889783 /* RNSwiper */,
			);
		};
/* End PBXProject section */

/* Begin PBXReferenceProxy section */
		00C302AC1ABCB8CE00DB3ED1 /* libRCTActionSheet.a */ = {
			isa = PBXReferenceProxy;
			fileType = archive.ar;
			path = libRCTActionSheet.a;
			remoteRef = 00C302AB1ABCB8CE00DB3ED1 /* PBXContainerItemProxy */;
			sourceTree = BUILT_PRODUCTS_DIR;
		};
		00C302BA1ABCB90400DB3ED1 /* libRCTGeolocation.a */ = {
			isa = PBXReferenceProxy;
			fileType = archive.ar;
			path = libRCTGeolocation.a;
			remoteRef = 00C302B91ABCB90400DB3ED1 /* PBXContainerItemProxy */;
			sourceTree = BUILT_PRODUCTS_DIR;
		};
		00C302C01ABCB91800DB3ED1 /* libRCTImage.a */ = {
			isa = PBXReferenceProxy;
			fileType = archive.ar;
			path = libRCTImage.a;
			remoteRef = 00C302BF1ABCB91800DB3ED1 /* PBXContainerItemProxy */;
			sourceTree = BUILT_PRODUCTS_DIR;
		};
		00C302DC1ABCB9D200DB3ED1 /* libRCTNetwork.a */ = {
			isa = PBXReferenceProxy;
			fileType = archive.ar;
			path = libRCTNetwork.a;
			remoteRef = 00C302DB1ABCB9D200DB3ED1 /* PBXContainerItemProxy */;
			sourceTree = BUILT_PRODUCTS_DIR;
		};
		00C302E41ABCB9EE00DB3ED1 /* libRCTVibration.a */ = {
			isa = PBXReferenceProxy;
			fileType = archive.ar;
			path = libRCTVibration.a;
			remoteRef = 00C302E31ABCB9EE00DB3ED1 /* PBXContainerItemProxy */;
			sourceTree = BUILT_PRODUCTS_DIR;
		};
		139105C11AF99BAD00B5F7CC /* libRCTSettings.a */ = {
			isa = PBXReferenceProxy;
			fileType = archive.ar;
			path = libRCTSettings.a;
			remoteRef = 139105C01AF99BAD00B5F7CC /* PBXContainerItemProxy */;
			sourceTree = BUILT_PRODUCTS_DIR;
		};
		139FDEF41B06529B00C62182 /* libRCTWebSocket.a */ = {
			isa = PBXReferenceProxy;
			fileType = archive.ar;
			path = libRCTWebSocket.a;
			remoteRef = 139FDEF31B06529B00C62182 /* PBXContainerItemProxy */;
			sourceTree = BUILT_PRODUCTS_DIR;
		};
		146834041AC3E56700842450 /* libReact.a */ = {
			isa = PBXReferenceProxy;
			fileType = archive.ar;
			path = libReact.a;
			remoteRef = 146834031AC3E56700842450 /* PBXContainerItemProxy */;
			sourceTree = BUILT_PRODUCTS_DIR;
		};
		2D16E6721FA4F8DC00B85C8A /* libRCTBlob-tvOS.a */ = {
			isa = PBXReferenceProxy;
			fileType = archive.ar;
			path = "libRCTBlob-tvOS.a";
			remoteRef = 2D16E6711FA4F8DC00B85C8A /* PBXContainerItemProxy */;
			sourceTree = BUILT_PRODUCTS_DIR;
		};
		2D16E6841FA4F8DC00B85C8A /* libfishhook.a */ = {
			isa = PBXReferenceProxy;
			fileType = archive.ar;
			path = libfishhook.a;
			remoteRef = 2D16E6831FA4F8DC00B85C8A /* PBXContainerItemProxy */;
			sourceTree = BUILT_PRODUCTS_DIR;
		};
		2D16E6861FA4F8DC00B85C8A /* libfishhook-tvOS.a */ = {
			isa = PBXReferenceProxy;
			fileType = archive.ar;
			path = "libfishhook-tvOS.a";
			remoteRef = 2D16E6851FA4F8DC00B85C8A /* PBXContainerItemProxy */;
			sourceTree = BUILT_PRODUCTS_DIR;
		};
		2DF0FFDF2056DD460020B375 /* libjsinspector.a */ = {
			isa = PBXReferenceProxy;
			fileType = archive.ar;
			path = libjsinspector.a;
			remoteRef = 2DF0FFDE2056DD460020B375 /* PBXContainerItemProxy */;
			sourceTree = BUILT_PRODUCTS_DIR;
		};
		2DF0FFE12056DD460020B375 /* libjsinspector-tvOS.a */ = {
			isa = PBXReferenceProxy;
			fileType = archive.ar;
			path = "libjsinspector-tvOS.a";
			remoteRef = 2DF0FFE02056DD460020B375 /* PBXContainerItemProxy */;
			sourceTree = BUILT_PRODUCTS_DIR;
		};
		2DF0FFE32056DD460020B375 /* libthird-party.a */ = {
			isa = PBXReferenceProxy;
			fileType = archive.ar;
			path = "libthird-party.a";
			remoteRef = 2DF0FFE22056DD460020B375 /* PBXContainerItemProxy */;
			sourceTree = BUILT_PRODUCTS_DIR;
		};
		2DF0FFE52056DD460020B375 /* libthird-party.a */ = {
			isa = PBXReferenceProxy;
			fileType = archive.ar;
			path = "libthird-party.a";
			remoteRef = 2DF0FFE42056DD460020B375 /* PBXContainerItemProxy */;
			sourceTree = BUILT_PRODUCTS_DIR;
		};
		2DF0FFE72056DD460020B375 /* libdouble-conversion.a */ = {
			isa = PBXReferenceProxy;
			fileType = archive.ar;
			path = "libdouble-conversion.a";
			remoteRef = 2DF0FFE62056DD460020B375 /* PBXContainerItemProxy */;
			sourceTree = BUILT_PRODUCTS_DIR;
		};
		2DF0FFE92056DD460020B375 /* libdouble-conversion.a */ = {
			isa = PBXReferenceProxy;
			fileType = archive.ar;
			path = "libdouble-conversion.a";
			remoteRef = 2DF0FFE82056DD460020B375 /* PBXContainerItemProxy */;
			sourceTree = BUILT_PRODUCTS_DIR;
		};
		2DF0FFEB2056DD460020B375 /* libprivatedata.a */ = {
			isa = PBXReferenceProxy;
			fileType = archive.ar;
			path = libprivatedata.a;
			remoteRef = 2DF0FFEA2056DD460020B375 /* PBXContainerItemProxy */;
			sourceTree = BUILT_PRODUCTS_DIR;
		};
		2DF0FFED2056DD460020B375 /* libprivatedata-tvOS.a */ = {
			isa = PBXReferenceProxy;
			fileType = archive.ar;
			path = "libprivatedata-tvOS.a";
			remoteRef = 2DF0FFEC2056DD460020B375 /* PBXContainerItemProxy */;
			sourceTree = BUILT_PRODUCTS_DIR;
		};
		3DAD3E841DF850E9000B6D8A /* libRCTImage-tvOS.a */ = {
			isa = PBXReferenceProxy;
			fileType = archive.ar;
			path = "libRCTImage-tvOS.a";
			remoteRef = 3DAD3E831DF850E9000B6D8A /* PBXContainerItemProxy */;
			sourceTree = BUILT_PRODUCTS_DIR;
		};
		3DAD3E881DF850E9000B6D8A /* libRCTLinking-tvOS.a */ = {
			isa = PBXReferenceProxy;
			fileType = archive.ar;
			path = "libRCTLinking-tvOS.a";
			remoteRef = 3DAD3E871DF850E9000B6D8A /* PBXContainerItemProxy */;
			sourceTree = BUILT_PRODUCTS_DIR;
		};
		3DAD3E8C1DF850E9000B6D8A /* libRCTNetwork-tvOS.a */ = {
			isa = PBXReferenceProxy;
			fileType = archive.ar;
			path = "libRCTNetwork-tvOS.a";
			remoteRef = 3DAD3E8B1DF850E9000B6D8A /* PBXContainerItemProxy */;
			sourceTree = BUILT_PRODUCTS_DIR;
		};
		3DAD3E901DF850E9000B6D8A /* libRCTSettings-tvOS.a */ = {
			isa = PBXReferenceProxy;
			fileType = archive.ar;
			path = "libRCTSettings-tvOS.a";
			remoteRef = 3DAD3E8F1DF850E9000B6D8A /* PBXContainerItemProxy */;
			sourceTree = BUILT_PRODUCTS_DIR;
		};
		3DAD3E941DF850E9000B6D8A /* libRCTText-tvOS.a */ = {
			isa = PBXReferenceProxy;
			fileType = archive.ar;
			path = "libRCTText-tvOS.a";
			remoteRef = 3DAD3E931DF850E9000B6D8A /* PBXContainerItemProxy */;
			sourceTree = BUILT_PRODUCTS_DIR;
		};
		3DAD3E991DF850E9000B6D8A /* libRCTWebSocket-tvOS.a */ = {
			isa = PBXReferenceProxy;
			fileType = archive.ar;
			path = "libRCTWebSocket-tvOS.a";
			remoteRef = 3DAD3E981DF850E9000B6D8A /* PBXContainerItemProxy */;
			sourceTree = BUILT_PRODUCTS_DIR;
		};
		3DAD3EA31DF850E9000B6D8A /* libReact.a */ = {
			isa = PBXReferenceProxy;
			fileType = archive.ar;
			path = libReact.a;
			remoteRef = 3DAD3EA21DF850E9000B6D8A /* PBXContainerItemProxy */;
			sourceTree = BUILT_PRODUCTS_DIR;
		};
		3DAD3EA51DF850E9000B6D8A /* libyoga.a */ = {
			isa = PBXReferenceProxy;
			fileType = archive.ar;
			path = libyoga.a;
			remoteRef = 3DAD3EA41DF850E9000B6D8A /* PBXContainerItemProxy */;
			sourceTree = BUILT_PRODUCTS_DIR;
		};
		3DAD3EA71DF850E9000B6D8A /* libyoga.a */ = {
			isa = PBXReferenceProxy;
			fileType = archive.ar;
			path = libyoga.a;
			remoteRef = 3DAD3EA61DF850E9000B6D8A /* PBXContainerItemProxy */;
			sourceTree = BUILT_PRODUCTS_DIR;
		};
		3DAD3EA91DF850E9000B6D8A /* libcxxreact.a */ = {
			isa = PBXReferenceProxy;
			fileType = archive.ar;
			path = libcxxreact.a;
			remoteRef = 3DAD3EA81DF850E9000B6D8A /* PBXContainerItemProxy */;
			sourceTree = BUILT_PRODUCTS_DIR;
		};
		3DAD3EAB1DF850E9000B6D8A /* libcxxreact.a */ = {
			isa = PBXReferenceProxy;
			fileType = archive.ar;
			path = libcxxreact.a;
			remoteRef = 3DAD3EAA1DF850E9000B6D8A /* PBXContainerItemProxy */;
			sourceTree = BUILT_PRODUCTS_DIR;
		};
		3DAD3EAD1DF850E9000B6D8A /* libjschelpers.a */ = {
			isa = PBXReferenceProxy;
			fileType = archive.ar;
			path = libjschelpers.a;
			remoteRef = 3DAD3EAC1DF850E9000B6D8A /* PBXContainerItemProxy */;
			sourceTree = BUILT_PRODUCTS_DIR;
		};
		3DAD3EAF1DF850E9000B6D8A /* libjschelpers.a */ = {
			isa = PBXReferenceProxy;
			fileType = archive.ar;
			path = libjschelpers.a;
			remoteRef = 3DAD3EAE1DF850E9000B6D8A /* PBXContainerItemProxy */;
			sourceTree = BUILT_PRODUCTS_DIR;
		};
		5E9157331DD0AC6500FF2AA8 /* libRCTAnimation.a */ = {
			isa = PBXReferenceProxy;
			fileType = archive.ar;
			path = libRCTAnimation.a;
			remoteRef = 5E9157321DD0AC6500FF2AA8 /* PBXContainerItemProxy */;
			sourceTree = BUILT_PRODUCTS_DIR;
		};
		5E9157351DD0AC6500FF2AA8 /* libRCTAnimation.a */ = {
			isa = PBXReferenceProxy;
			fileType = archive.ar;
			path = libRCTAnimation.a;
			remoteRef = 5E9157341DD0AC6500FF2AA8 /* PBXContainerItemProxy */;
			sourceTree = BUILT_PRODUCTS_DIR;
		};
		78C398B91ACF4ADC00677621 /* libRCTLinking.a */ = {
			isa = PBXReferenceProxy;
			fileType = archive.ar;
			path = libRCTLinking.a;
			remoteRef = 78C398B81ACF4ADC00677621 /* PBXContainerItemProxy */;
			sourceTree = BUILT_PRODUCTS_DIR;
		};
		832341B51AAA6A8300B99B32 /* libRCTText.a */ = {
			isa = PBXReferenceProxy;
			fileType = archive.ar;
			path = libRCTText.a;
			remoteRef = 832341B41AAA6A8300B99B32 /* PBXContainerItemProxy */;
			sourceTree = BUILT_PRODUCTS_DIR;
		};
		ADBDB9271DFEBF0700ED6528 /* libRCTBlob.a */ = {
			isa = PBXReferenceProxy;
			fileType = archive.ar;
			path = libRCTBlob.a;
			remoteRef = ADBDB9261DFEBF0700ED6528 /* PBXContainerItemProxy */;
			sourceTree = BUILT_PRODUCTS_DIR;
		};
/* End PBXReferenceProxy section */

/* Begin PBXShellScriptBuildPhase section */
		A85B520DEF520FC8DC782244 /* [CP] Check Pods Manifest.lock */ = {
			isa = PBXShellScriptBuildPhase;
			buildActionMask = 2147483647;
			files = (
			);
			inputFileListPaths = (
			);
			inputPaths = (
				"${PODS_PODFILE_DIR_PATH}/Podfile.lock",
				"${PODS_ROOT}/Manifest.lock",
			);
			name = "[CP] Check Pods Manifest.lock";
			outputFileListPaths = (
			);
			outputPaths = (
				"$(DERIVED_FILE_DIR)/Pods-RNSwiper-checkManifestLockResult.txt",
			);
			runOnlyForDeploymentPostprocessing = 0;
			shellPath = /bin/sh;
			shellScript = "diff \"${PODS_PODFILE_DIR_PATH}/Podfile.lock\" \"${PODS_ROOT}/Manifest.lock\" > /dev/null\nif [ $? != 0 ] ; then\n    # print error to STDERR\n    echo \"error: The sandbox is not in sync with the Podfile.lock. Run 'pod install' or update your CocoaPods installation.\" >&2\n    exit 1\nfi\n# This output is used by Xcode 'outputs' to avoid re-running this script phase.\necho \"SUCCESS\" > \"${SCRIPT_OUTPUT_FILE_0}\"\n";
			showEnvVarsInLog = 0;
		};
/* End PBXShellScriptBuildPhase section */

/* Begin PBXSourcesBuildPhase section */
		356363E023F10B5E00889783 /* Sources */ = {
			isa = PBXSourcesBuildPhase;
			buildActionMask = 2147483647;
			files = (
				356363E723F10B5E00889783 /* RNSwiper.swift in Sources */,
				355D53A223F3AF7700AA8BD4 /* RNLEventEmitter.swift in Sources */,
				35A3750623F1291500F9A655 /* ColumnCell.swift in Sources */,
				35A3752223F12A2F00F9A655 /* GridViewModel.swift in Sources */,
				355D53A323F3AF7900AA8BD4 /* RNLEventEmitter.m in Sources */,
				356363F523F10E0C00889783 /* GridViewController.swift in Sources */,
				356363EF23F10DF100889783 /* RNSwiper-Bridging-Header.h in Sources */,
				356363F723F10E0C00889783 /* GridViewSectionLoadingDelegate.swift in Sources */,
				35A3752023F12A2F00F9A655 /* Section.swift in Sources */,
				355D53A123F3AF7600AA8BD4 /* EventEmitter.swift in Sources */,
				356363F423F10E0C00889783 /* GridViewSnappingLayout.swift in Sources */,
				35A3752323F12A2F00F9A655 /* ColumnViewModel.swift in Sources */,
				35A3752123F12A2F00F9A655 /* GridSectionController.swift in Sources */,
				35A3751823F12A1300F9A655 /* CellReusable.swift in Sources */,
				356363F623F10E0C00889783 /* GridView.swift in Sources */,
				356363EE23F10DE200889783 /* RNLGridViewManager.m in Sources */,
			);
			runOnlyForDeploymentPostprocessing = 0;
		};
/* End PBXSourcesBuildPhase section */

/* Begin PBXTargetDependency section */
		35667CBE23F573DF001A5990 /* PBXTargetDependency */ = {
			isa = PBXTargetDependency;
			name = React;
			targetProxy = 35667CBD23F573DF001A5990 /* PBXContainerItemProxy */;
		};
/* End PBXTargetDependency section */

/* Begin PBXVariantGroup section */
		13B07FB11A68108700A75B9A /* LaunchScreen.xib */ = {
			isa = PBXVariantGroup;
			children = (
				13B07FB21A68108700A75B9A /* Base */,
			);
			name = LaunchScreen.xib;
			path = RNListKit;
			sourceTree = "<group>";
		};
/* End PBXVariantGroup section */

/* Begin XCBuildConfiguration section */
		356363E923F10B5E00889783 /* Debug */ = {
			isa = XCBuildConfiguration;
			baseConfigurationReference = ECB9DC78746A73D1A9A8EDD2 /* Pods-RNSwiper.debug.xcconfig */;
			buildSettings = {
				CLANG_ANALYZER_NONNULL = YES;
				CLANG_ANALYZER_NUMBER_OBJECT_CONVERSION = YES_AGGRESSIVE;
				CLANG_CXX_LANGUAGE_STANDARD = "gnu++14";
				CLANG_ENABLE_OBJC_WEAK = YES;
				CLANG_WARN_DOCUMENTATION_COMMENTS = YES;
				CLANG_WARN_UNGUARDED_AVAILABILITY = YES_AGGRESSIVE;
				CODE_SIGN_IDENTITY = "iPhone Developer";
				CODE_SIGN_STYLE = Automatic;
				CONFIGURATION_BUILD_DIR = "${PODS_BUILD_DIR}/$(CONFIGURATION)$(EFFECTIVE_PLATFORM_NAME)";
				CONFIGURATION_TEMP_DIR = "${PODS_BUILD_DIR}/$(CONFIGURATION)$(EFFECTIVE_PLATFORM_NAME)";
				DEBUG_INFORMATION_FORMAT = dwarf;
				DEVELOPMENT_TEAM = 3K5P83CPG7;
				FRAMEWORK_SEARCH_PATHS = "$(inherited)";
				GCC_C_LANGUAGE_STANDARD = gnu11;
				HEADER_SEARCH_PATHS = (
					"$(inherited)",
					"\"${PODS_ROOT}/Headers/Public\"/**",
					"\"${PODS_ROOT}/Headers/Public/IGListKit\"/**",
					"\"${PODS_ROOT}/Headers/Public/SDWebImage\"/**",
				);
				IPHONEOS_DEPLOYMENT_TARGET = 12.4;
				LD_MAP_FILE_PATH = "$(TARGET_TEMP_DIR)/$(PRODUCT_NAME)-LinkMap-$(CURRENT_VARIANT)-$(CURRENT_ARCH).txt";
				LIBRARY_SEARCH_PATHS = (
					"$(inherited)",
					"${PODS_BUILD_DIR}/$(CONFIGURATION)$(EFFECTIVE_PLATFORM_NAME)",
				);
				MTL_ENABLE_DEBUG_INFO = INCLUDE_SOURCE;
				MTL_FAST_MATH = YES;
				OTHER_LDFLAGS = "-ObjC";
				PODS_CONFIGURATION_BUILD_DIR = "${PODS_BUILD_DIR}/$(CONFIGURATION)$(EFFECTIVE_PLATFORM_NAME)";
				PRODUCT_NAME = "$(TARGET_NAME)";
				REZ_SEARCH_PATHS = "";
				SKIP_INSTALL = YES;
				SWIFT_ACTIVE_COMPILATION_CONDITIONS = DEBUG;
				SWIFT_ENABLE_BATCH_MODE = NO;
				SWIFT_OBJC_BRIDGING_HEADER = "$(SRCROOT)/RNSwiper/RNSwiper-Bridging-Header.h";
				SWIFT_OPTIMIZATION_LEVEL = "-Onone";
				SWIFT_VERSION = 5.0;
				SYSTEM_FRAMEWORK_SEARCH_PATHS = "";
				SYSTEM_HEADER_SEARCH_PATHS = "";
				TARGETED_DEVICE_FAMILY = "1,2";
				USER_HEADER_SEARCH_PATHS = "";
			};
			name = Debug;
		};
		356363EA23F10B5E00889783 /* Release */ = {
			isa = XCBuildConfiguration;
			baseConfigurationReference = 565AEFAC4DF58F21A3D5CF49 /* Pods-RNSwiper.release.xcconfig */;
			buildSettings = {
				CLANG_ANALYZER_NONNULL = YES;
				CLANG_ANALYZER_NUMBER_OBJECT_CONVERSION = YES_AGGRESSIVE;
				CLANG_CXX_LANGUAGE_STANDARD = "gnu++14";
				CLANG_ENABLE_OBJC_WEAK = YES;
				CLANG_WARN_DOCUMENTATION_COMMENTS = YES;
				CLANG_WARN_UNGUARDED_AVAILABILITY = YES_AGGRESSIVE;
				CODE_SIGN_IDENTITY = "iPhone Developer";
				CODE_SIGN_STYLE = Automatic;
				CONFIGURATION_BUILD_DIR = "${PODS_BUILD_DIR}/$(CONFIGURATION)$(EFFECTIVE_PLATFORM_NAME)";
				CONFIGURATION_TEMP_DIR = "${PODS_BUILD_DIR}/$(CONFIGURATION)$(EFFECTIVE_PLATFORM_NAME)";
				COPY_PHASE_STRIP = NO;
				DEBUG_INFORMATION_FORMAT = "dwarf-with-dsym";
				DEVELOPMENT_TEAM = 3K5P83CPG7;
				FRAMEWORK_SEARCH_PATHS = "$(inherited)";
				GCC_C_LANGUAGE_STANDARD = gnu11;
				HEADER_SEARCH_PATHS = (
					"$(inherited)",
					"\"${PODS_ROOT}/Headers/Public\"/**",
					"\"${PODS_ROOT}/Headers/Public/IGListKit\"/**",
					"\"${PODS_ROOT}/Headers/Public/SDWebImage\"/**",
				);
				IPHONEOS_DEPLOYMENT_TARGET = 12.4;
				LD_MAP_FILE_PATH = "$(TARGET_TEMP_DIR)/$(PRODUCT_NAME)-LinkMap-$(CURRENT_VARIANT)-$(CURRENT_ARCH).txt";
				LIBRARY_SEARCH_PATHS = (
					"$(inherited)",
					"${PODS_BUILD_DIR}/$(CONFIGURATION)$(EFFECTIVE_PLATFORM_NAME)",
				);
				MTL_FAST_MATH = YES;
				OTHER_LDFLAGS = "-ObjC";
				PODS_CONFIGURATION_BUILD_DIR = "${PODS_BUILD_DIR}/$(CONFIGURATION)$(EFFECTIVE_PLATFORM_NAME)";
				PRODUCT_NAME = "$(TARGET_NAME)";
				REZ_SEARCH_PATHS = "";
				SKIP_INSTALL = YES;
				SWIFT_ENABLE_BATCH_MODE = NO;
				SWIFT_OBJC_BRIDGING_HEADER = "$(SRCROOT)/RNSwiper/RNSwiper-Bridging-Header.h";
				SWIFT_OPTIMIZATION_LEVEL = "-Owholemodule";
				SWIFT_VERSION = 5.0;
				SYSTEM_FRAMEWORK_SEARCH_PATHS = "";
				SYSTEM_HEADER_SEARCH_PATHS = "";
				TARGETED_DEVICE_FAMILY = "1,2";
				USER_HEADER_SEARCH_PATHS = "";
			};
			name = Release;
		};
		83CBBA201A601CBA00E9B192 /* Debug */ = {
			isa = XCBuildConfiguration;
			buildSettings = {
				ALWAYS_SEARCH_USER_PATHS = NO;
				CLANG_CXX_LANGUAGE_STANDARD = "gnu++0x";
				CLANG_CXX_LIBRARY = "libc++";
				CLANG_ENABLE_MODULES = YES;
				CLANG_ENABLE_OBJC_ARC = YES;
				CLANG_WARN_BLOCK_CAPTURE_AUTORELEASING = YES;
				CLANG_WARN_BOOL_CONVERSION = YES;
				CLANG_WARN_COMMA = YES;
				CLANG_WARN_CONSTANT_CONVERSION = YES;
				CLANG_WARN_DEPRECATED_OBJC_IMPLEMENTATIONS = YES;
				CLANG_WARN_DIRECT_OBJC_ISA_USAGE = YES_ERROR;
				CLANG_WARN_EMPTY_BODY = YES;
				CLANG_WARN_ENUM_CONVERSION = YES;
				CLANG_WARN_INFINITE_RECURSION = YES;
				CLANG_WARN_INT_CONVERSION = YES;
				CLANG_WARN_NON_LITERAL_NULL_CONVERSION = YES;
				CLANG_WARN_OBJC_IMPLICIT_RETAIN_SELF = YES;
				CLANG_WARN_OBJC_LITERAL_CONVERSION = YES;
				CLANG_WARN_OBJC_ROOT_CLASS = YES_ERROR;
				CLANG_WARN_RANGE_LOOP_ANALYSIS = YES;
				CLANG_WARN_STRICT_PROTOTYPES = YES;
				CLANG_WARN_SUSPICIOUS_MOVE = YES;
				CLANG_WARN_UNREACHABLE_CODE = YES;
				CLANG_WARN__DUPLICATE_METHOD_MATCH = YES;
				"CODE_SIGN_IDENTITY[sdk=iphoneos*]" = "iPhone Developer";
				COPY_PHASE_STRIP = NO;
				ENABLE_STRICT_OBJC_MSGSEND = YES;
				ENABLE_TESTABILITY = YES;
				GCC_C_LANGUAGE_STANDARD = gnu99;
				GCC_DYNAMIC_NO_PIC = NO;
				GCC_NO_COMMON_BLOCKS = YES;
				GCC_OPTIMIZATION_LEVEL = 0;
				GCC_PREPROCESSOR_DEFINITIONS = (
					"DEBUG=1",
					"$(inherited)",
				);
				GCC_SYMBOLS_PRIVATE_EXTERN = NO;
				GCC_WARN_64_TO_32_BIT_CONVERSION = YES;
				GCC_WARN_ABOUT_RETURN_TYPE = YES_ERROR;
				GCC_WARN_UNDECLARED_SELECTOR = YES;
				GCC_WARN_UNINITIALIZED_AUTOS = YES_AGGRESSIVE;
				GCC_WARN_UNUSED_FUNCTION = YES;
				GCC_WARN_UNUSED_VARIABLE = YES;
				IPHONEOS_DEPLOYMENT_TARGET = 9.0;
				MTL_ENABLE_DEBUG_INFO = YES;
				ONLY_ACTIVE_ARCH = YES;
				SDKROOT = iphoneos;
			};
			name = Debug;
		};
		83CBBA211A601CBA00E9B192 /* Release */ = {
			isa = XCBuildConfiguration;
			buildSettings = {
				ALWAYS_SEARCH_USER_PATHS = NO;
				CLANG_CXX_LANGUAGE_STANDARD = "gnu++0x";
				CLANG_CXX_LIBRARY = "libc++";
				CLANG_ENABLE_MODULES = YES;
				CLANG_ENABLE_OBJC_ARC = YES;
				CLANG_WARN_BLOCK_CAPTURE_AUTORELEASING = YES;
				CLANG_WARN_BOOL_CONVERSION = YES;
				CLANG_WARN_COMMA = YES;
				CLANG_WARN_CONSTANT_CONVERSION = YES;
				CLANG_WARN_DEPRECATED_OBJC_IMPLEMENTATIONS = YES;
				CLANG_WARN_DIRECT_OBJC_ISA_USAGE = YES_ERROR;
				CLANG_WARN_EMPTY_BODY = YES;
				CLANG_WARN_ENUM_CONVERSION = YES;
				CLANG_WARN_INFINITE_RECURSION = YES;
				CLANG_WARN_INT_CONVERSION = YES;
				CLANG_WARN_NON_LITERAL_NULL_CONVERSION = YES;
				CLANG_WARN_OBJC_IMPLICIT_RETAIN_SELF = YES;
				CLANG_WARN_OBJC_LITERAL_CONVERSION = YES;
				CLANG_WARN_OBJC_ROOT_CLASS = YES_ERROR;
				CLANG_WARN_RANGE_LOOP_ANALYSIS = YES;
				CLANG_WARN_STRICT_PROTOTYPES = YES;
				CLANG_WARN_SUSPICIOUS_MOVE = YES;
				CLANG_WARN_UNREACHABLE_CODE = YES;
				CLANG_WARN__DUPLICATE_METHOD_MATCH = YES;
				"CODE_SIGN_IDENTITY[sdk=iphoneos*]" = "iPhone Developer";
				COPY_PHASE_STRIP = YES;
				ENABLE_NS_ASSERTIONS = NO;
				ENABLE_STRICT_OBJC_MSGSEND = YES;
				GCC_C_LANGUAGE_STANDARD = gnu99;
				GCC_NO_COMMON_BLOCKS = YES;
				GCC_WARN_64_TO_32_BIT_CONVERSION = YES;
				GCC_WARN_ABOUT_RETURN_TYPE = YES_ERROR;
				GCC_WARN_UNDECLARED_SELECTOR = YES;
				GCC_WARN_UNINITIALIZED_AUTOS = YES_AGGRESSIVE;
				GCC_WARN_UNUSED_FUNCTION = YES;
				GCC_WARN_UNUSED_VARIABLE = YES;
				IPHONEOS_DEPLOYMENT_TARGET = 9.0;
				MTL_ENABLE_DEBUG_INFO = NO;
				SDKROOT = iphoneos;
				VALIDATE_PRODUCT = YES;
			};
			name = Release;
		};
/* End XCBuildConfiguration section */

/* Begin XCConfigurationList section */
		356363E823F10B5E00889783 /* Build configuration list for PBXNativeTarget "RNSwiper" */ = {
			isa = XCConfigurationList;
			buildConfigurations = (
				356363E923F10B5E00889783 /* Debug */,
				356363EA23F10B5E00889783 /* Release */,
			);
			defaultConfigurationIsVisible = 0;
			defaultConfigurationName = Release;
		};
		83CBB9FA1A601CBA00E9B192 /* Build configuration list for PBXProject "RNListKit" */ = {
			isa = XCConfigurationList;
			buildConfigurations = (
				83CBBA201A601CBA00E9B192 /* Debug */,
				83CBBA211A601CBA00E9B192 /* Release */,
			);
			defaultConfigurationIsVisible = 0;
			defaultConfigurationName = Release;
		};
/* End XCConfigurationList section */
	};
	rootObject = 83CBB9F71A601CBA00E9B192 /* Project object */;
}
